
Microsoft Visual Studio Solution File, Format Version 12.00
# Visual Studio 14
VisualStudioVersion = 14.0.25420.1
MinimumVisualStudioVersion = 10.0.40219.1
Project("{FAE04EC0-301F-11D3-BF4B-00C04F79EFBC}") = "Ocaramba", "Ocaramba\Ocaramba.csproj", "{46FA4EDC-A114-4E8F-A545-996F99E31EA8}"
EndProject
Project("{2150E333-8FDC-42A3-9474-1A3956D46DE8}") = ".nuget", ".nuget", "{AF2EBD4E-C7A9-4151-A868-02C60EEA8628}"
EndProject
Project("{FAE04EC0-301F-11D3-BF4B-00C04F79EFBC}") = "Ocaramba.Tests.MSTest", "Ocaramba.Tests.MSTest\Ocaramba.Tests.MSTest.csproj", "{00D2DBBC-8C05-45B7-956E-9F01DEB9BACA}"
EndProject
Project("{FAE04EC0-301F-11D3-BF4B-00C04F79EFBC}") = "Ocaramba.Tests.NUnit", "Ocaramba.Tests.NUnit\Ocaramba.Tests.NUnit.csproj", "{74F9B9A8-0055-4C13-B3C9-FACED546CB43}"
EndProject
Project("{FAE04EC0-301F-11D3-BF4B-00C04F79EFBC}") = "Ocaramba.Tests.PageObjects", "Ocaramba.Tests.PageObjects\Ocaramba.Tests.PageObjects.csproj", "{1EA997E6-B873-469F-8685-17F73EBB0B92}"
EndProject
Project("{FAE04EC0-301F-11D3-BF4B-00C04F79EFBC}") = "Ocaramba.Tests.Features", "Ocaramba.Tests.Features\Ocaramba.Tests.Features.csproj", "{B97FEA9E-C131-4850-BC6D-563F60EE41FA}"
EndProject
Project("{FAE04EC0-301F-11D3-BF4B-00C04F79EFBC}") = "Ocaramba.Tests.Xunit", "Ocaramba.Tests.Xunit\Ocaramba.Tests.Xunit.csproj", "{8DAC5471-0F43-42F2-8C98-8C0FF3C58A4B}"
EndProject
Project("{7CF6DF6D-3B04-46F8-A40B-537D21BCA0B4}") = "Ocaramba.Documentation", "Ocaramba.Documentation\Ocaramba.Documentation.shfbproj", "{2E753223-59F7-47ED-9E1A-D539A462226D}"
	ProjectSection(ProjectDependencies) = postProject
		{46FA4EDC-A114-4E8F-A545-996F99E31EA8} = {46FA4EDC-A114-4E8F-A545-996F99E31EA8}
	EndProjectSection
EndProject
Project("{FAE04EC0-301F-11D3-BF4B-00C04F79EFBC}") = "Ocaramba.Tests.Angular", "Ocaramba.Tests.Angular\Ocaramba.Tests.Angular.csproj", "{EE625CF5-B283-44A9-A35F-0BFBBF4D409E}"
EndProject
Project("{FAE04EC0-301F-11D3-BF4B-00C04F79EFBC}") = "Ocaramba.UnitTests", "Ocaramba.UnitTests\Ocaramba.UnitTests.csproj", "{4F7A9D54-779A-4F45-91DC-4C8B81B4A9C9}"
EndProject
Project("{FAE04EC0-301F-11D3-BF4B-00C04F79EFBC}") = "Ocaramba.Tests.CloudProviderCrossBrowser", "Ocaramba.Tests.CloudProviderCrossBrowser\Ocaramba.Tests.CloudProviderCrossBrowser.csproj", "{F5B79C58-AC3B-448A-8325-5EF9A962B4A3}"
EndProject
Project("{2150E333-8FDC-42A3-9474-1A3956D46DE8}") = "Solution Items", "Solution Items", "{2CF5AF89-028E-4D81-B39E-A021B5C01C11}"
	ProjectSection(SolutionItems) = preProject
		appveyor.yml = appveyor.yml
		README.md = README.md
	EndProjectSection
EndProject
Project("{2150E333-8FDC-42A3-9474-1A3956D46DE8}") = ".nuspec", ".nuspec", "{1A98C4E2-FE6C-4E95-BA56-5F6B4F088A44}"
	ProjectSection(SolutionItems) = preProject
		.nuspec\Ocaramba.Features.nuspec = .nuspec\Ocaramba.Features.nuspec
		.nuspec\Ocaramba.MsTest.nuspec = .nuspec\Ocaramba.MsTest.nuspec
		.nuspec\Ocaramba.Nunit.nuspec = .nuspec\Ocaramba.Nunit.nuspec
		.nuspec\Ocaramba.Xunit.nuspec = .nuspec\Ocaramba.Xunit.nuspec
	EndProjectSection
EndProject
Global
	GlobalSection(SolutionConfigurationPlatforms) = preSolution
		Debug|Any CPU = Debug|Any CPU
		Release|Any CPU = Release|Any CPU
	EndGlobalSection
	GlobalSection(ProjectConfigurationPlatforms) = postSolution
		{46FA4EDC-A114-4E8F-A545-996F99E31EA8}.Debug|Any CPU.ActiveCfg = Debug|Any CPU
		{46FA4EDC-A114-4E8F-A545-996F99E31EA8}.Debug|Any CPU.Build.0 = Debug|Any CPU
		{46FA4EDC-A114-4E8F-A545-996F99E31EA8}.Release|Any CPU.ActiveCfg = Release|Any CPU
		{46FA4EDC-A114-4E8F-A545-996F99E31EA8}.Release|Any CPU.Build.0 = Release|Any CPU
		{00D2DBBC-8C05-45B7-956E-9F01DEB9BACA}.Debug|Any CPU.ActiveCfg = Debug|Any CPU
		{00D2DBBC-8C05-45B7-956E-9F01DEB9BACA}.Debug|Any CPU.Build.0 = Debug|Any CPU
		{00D2DBBC-8C05-45B7-956E-9F01DEB9BACA}.Release|Any CPU.ActiveCfg = Release|Any CPU
		{00D2DBBC-8C05-45B7-956E-9F01DEB9BACA}.Release|Any CPU.Build.0 = Release|Any CPU
		{74F9B9A8-0055-4C13-B3C9-FACED546CB43}.Debug|Any CPU.ActiveCfg = Debug|Any CPU
		{74F9B9A8-0055-4C13-B3C9-FACED546CB43}.Debug|Any CPU.Build.0 = Debug|Any CPU
		{74F9B9A8-0055-4C13-B3C9-FACED546CB43}.Release|Any CPU.ActiveCfg = Release|Any CPU
		{74F9B9A8-0055-4C13-B3C9-FACED546CB43}.Release|Any CPU.Build.0 = Release|Any CPU
		{1EA997E6-B873-469F-8685-17F73EBB0B92}.Debug|Any CPU.ActiveCfg = Debug|Any CPU
		{1EA997E6-B873-469F-8685-17F73EBB0B92}.Debug|Any CPU.Build.0 = Debug|Any CPU
		{1EA997E6-B873-469F-8685-17F73EBB0B92}.Release|Any CPU.ActiveCfg = Release|Any CPU
		{1EA997E6-B873-469F-8685-17F73EBB0B92}.Release|Any CPU.Build.0 = Release|Any CPU
		{B97FEA9E-C131-4850-BC6D-563F60EE41FA}.Debug|Any CPU.ActiveCfg = Debug|Any CPU
		{B97FEA9E-C131-4850-BC6D-563F60EE41FA}.Debug|Any CPU.Build.0 = Debug|Any CPU
		{B97FEA9E-C131-4850-BC6D-563F60EE41FA}.Release|Any CPU.ActiveCfg = Release|Any CPU
		{B97FEA9E-C131-4850-BC6D-563F60EE41FA}.Release|Any CPU.Build.0 = Release|Any CPU
		{8DAC5471-0F43-42F2-8C98-8C0FF3C58A4B}.Debug|Any CPU.ActiveCfg = Debug|Any CPU
		{8DAC5471-0F43-42F2-8C98-8C0FF3C58A4B}.Debug|Any CPU.Build.0 = Debug|Any CPU
		{8DAC5471-0F43-42F2-8C98-8C0FF3C58A4B}.Release|Any CPU.ActiveCfg = Release|Any CPU
		{8DAC5471-0F43-42F2-8C98-8C0FF3C58A4B}.Release|Any CPU.Build.0 = Release|Any CPU
		{2E753223-59F7-47ED-9E1A-D539A462226D}.Debug|Any CPU.ActiveCfg = Debug|Any CPU
		{2E753223-59F7-47ED-9E1A-D539A462226D}.Debug|Any CPU.Build.0 = Debug|Any CPU
		{2E753223-59F7-47ED-9E1A-D539A462226D}.Release|Any CPU.ActiveCfg = Release|Any CPU
		{2E753223-59F7-47ED-9E1A-D539A462226D}.Release|Any CPU.Build.0 = Release|Any CPU
		{EE625CF5-B283-44A9-A35F-0BFBBF4D409E}.Debug|Any CPU.ActiveCfg = Debug|Any CPU
		{EE625CF5-B283-44A9-A35F-0BFBBF4D409E}.Debug|Any CPU.Build.0 = Debug|Any CPU
		{EE625CF5-B283-44A9-A35F-0BFBBF4D409E}.Release|Any CPU.ActiveCfg = Release|Any CPU
		{EE625CF5-B283-44A9-A35F-0BFBBF4D409E}.Release|Any CPU.Build.0 = Release|Any CPU
		{4F7A9D54-779A-4F45-91DC-4C8B81B4A9C9}.Debug|Any CPU.ActiveCfg = Debug|Any CPU
		{4F7A9D54-779A-4F45-91DC-4C8B81B4A9C9}.Debug|Any CPU.Build.0 = Debug|Any CPU
		{4F7A9D54-779A-4F45-91DC-4C8B81B4A9C9}.Release|Any CPU.ActiveCfg = Release|Any CPU
		{4F7A9D54-779A-4F45-91DC-4C8B81B4A9C9}.Release|Any CPU.Build.0 = Release|Any CPU
		{F5B79C58-AC3B-448A-8325-5EF9A962B4A3}.Debug|Any CPU.ActiveCfg = Debug|Any CPU
		{F5B79C58-AC3B-448A-8325-5EF9A962B4A3}.Debug|Any CPU.Build.0 = Debug|Any CPU
		{F5B79C58-AC3B-448A-8325-5EF9A962B4A3}.Release|Any CPU.ActiveCfg = Release|Any CPU
		{F5B79C58-AC3B-448A-8325-5EF9A962B4A3}.Release|Any CPU.Build.0 = Release|Any CPU
	EndGlobalSection
	GlobalSection(SolutionProperties) = preSolution
		HideSolutionNode = FALSE
	EndGlobalSection
	GlobalSection(NestedProjects) = preSolution
		{1A98C4E2-FE6C-4E95-BA56-5F6B4F088A44} = {2CF5AF89-028E-4D81-B39E-A021B5C01C11}
	EndGlobalSection
	GlobalSection(ExtensibilityGlobals) = postSolution
		SolutionGuid = {2EB905F9-3273-4103-957E-84D778012D8C}
	EndGlobalSection
EndGlobal
