{
  "version": 1,
  "dependencies": {
    "net8.0": {
      "Microsoft.Extensions.Configuration.Json": {
        "type": "Direct",
        "requested": "[9.0.5, )",
        "resolved": "9.0.5",
        "contentHash": "LiWV+Sn5yvoQEd/vihGwkR3CZ4ekMrqP5OQiYOlbzMBfBa6JHBWBsTO5ta6dMYO9ADMiv9K6GBKJSF9DrP29sw==",
        "dependencies": {
          "Microsoft.Extensions.Configuration": "9.0.5",
          "Microsoft.Extensions.Configuration.Abstractions": "9.0.5",
          "Microsoft.Extensions.Configuration.FileExtensions": "9.0.5",
          "Microsoft.Extensions.FileProviders.Abstractions": "9.0.5",
          "System.Text.Json": "9.0.5"
        }
      },
      "Microsoft.NET.Test.Sdk": {
        "type": "Direct",
        "requested": "[17.14.1, )",
        "resolved": "17.14.1",
        "contentHash": "HJKqKOE+vshXra2aEHpi2TlxYX7Z9VFYkr+E5rwEvHC8eIXiyO+K9kNm8vmNom3e2rA56WqxU+/N9NJlLGXsJQ==",
        "dependencies": {
          "Microsoft.CodeCoverage": "17.14.1",
          "Microsoft.TestPlatform.TestHost": "17.14.1"
        }
      },
      "NLog": {
        "type": "Direct",
        "requested": "[5.5.0, )",
        "resolved": "5.5.0",
        "contentHash": "FCH8s7GWlonH5JXV9/EpeNJ8pRZQMVZOSWX3JrHPU8rzdHJhS5+lUGGvJIUOtzkGV1clYBFR0WXOI5FnUwVCMA=="
      },
      "NLog.Web.AspNetCore": {
        "type": "Direct",
        "requested": "[5.5.0, )",
        "resolved": "5.5.0",
        "contentHash": "MFDhgF9lHxq74Nmf3rNNHs/axsPpYgnZXNyAhKj9KKctJ0ZlrR+HR/184AQzu4h0KIH9SgRHeLgbWK9aCWWtRw==",
        "dependencies": {
          "NLog.Extensions.Logging": "5.5.0"
        }
      },
      "Selenium.Support": {
        "type": "Direct",
        "requested": "[4.33.0, )",
        "resolved": "4.33.0",
        "contentHash": "AsjM8PqJkueDBzw9StEHLLUq6bT7au9IY9mMLlwMxOdNYfu7PMJOqpHCMg2xVtLrUHGd6mADqrbFxcs9QWe6JA==",
        "dependencies": {
          "Selenium.WebDriver": "4.33.0"
        }
      },
      "Selenium.WebDriver": {
        "type": "Direct",
        "requested": "[4.33.0, )",
        "resolved": "4.33.0",
        "contentHash": "5dzwA1cMorwYWudX46zyeUqyZn48TZeCHbSERxbpKezGxZ8hMBpcL12XwG4RGUuQKGH8FiEOJOFK4eCE//uNpQ=="
      },
      "Selenium.WebDriver.ChromeDriver": {
        "type": "Direct",
        "requested": "[137.0.7151.6800, )",
        "resolved": "137.0.7151.6800",
        "contentHash": "iz9aZlE0STsteOtaQWP4OAyh667xyDaJBHhWUGtgHQ7ebJVZz0DA12NoP2H1Y1SE+f3DfsW5Hub66R6IiXeYmQ=="
      },
      "Selenium.WebDriver.GeckoDriver": {
        "type": "Direct",
        "requested": "[0.36.0, )",
        "resolved": "0.36.0",
        "contentHash": "jUdrPcwkVt8OJon4iWv6pNTPIAdViJYB9cbd4ct0Bt2RzPzynQiN8bBUfOA1iSxTppI9SH8L1eMfg5NRijlBsw=="
      },
      "System.Configuration.ConfigurationManager": {
        "type": "Direct",
        "requested": "[9.0.5, )",
        "resolved": "9.0.5",
        "contentHash": "6JiI15x4eqlHptNG8HqFtQ1NmNTK1hNKuZGECY97deaVpca85XkITo8Me8uCTlKb01egRZGTFA9/kMjewwttPw==",
        "dependencies": {
          "System.Diagnostics.EventLog": "9.0.5",
          "System.Security.Cryptography.ProtectedData": "9.0.5"
        }
      },
      "System.Runtime.CompilerServices.Unsafe": {
        "type": "Direct",
        "requested": "[6.1.2, )",
        "resolved": "6.1.2",
        "contentHash": "2hBr6zdbIBTDE3EhK7NSVNdX58uTK6iHW/P/Axmm9sl1xoGSLqDvMtpecn226TNwHByFokYwJmt/aQQNlO5CRw=="
      },
      "System.Text.Json": {
        "type": "Direct",
        "requested": "[9.0.5, )",
        "resolved": "9.0.5",
        "contentHash": "rnP61ZfloTgPQPe7ecr36loNiGX3g1PocxlKHdY/FUpDSsExKkTxpMAlB4X35wNEPr1X7mkYZuQvW3Lhxmu7KA==",
        "dependencies": {
          "System.IO.Pipelines": "9.0.5",
          "System.Text.Encodings.Web": "9.0.5"
        }
      },
      "Humanizer.Core": {
        "type": "Transitive",
        "resolved": "2.14.1",
        "contentHash": "lQKvtaTDOXnoVJ20ibTuSIOf2i0uO0MPbDhd1jm238I+U/2ZnRENj0cktKZhtchBMtCUSRQ5v4xBCUbKNmyVMw=="
      },
      "Json.More.Net": {
        "type": "Transitive",
        "resolved": "2.0.2",
        "contentHash": "izscdjjk8EAHDBCjyz7V7n77SzkrSjh/hUGV6cyR6PlVdjYDh5ohc8yqvwSqJ9+6Uof8W6B24dIHlDKD+I1F8A=="
      },
      "JsonPointer.Net": {
        "type": "Transitive",
        "resolved": "5.0.2",
        "contentHash": "H/OtixKadr+ja1j7Fru3WG56V9zP0AKT1Bd0O7RWN/zH1bl8ZIwW9aCa4+xvzuVvt4SPmrvBu3G6NpAkNOwNAA==",
        "dependencies": {
          "Humanizer.Core": "2.14.1",
          "Json.More.Net": "2.0.1.2"
        }
      },
      "JsonSchema.Net": {
        "type": "Transitive",
        "resolved": "7.0.4",
        "contentHash": "R0Hk2Tr/np4Q1NO8CBjyQsoiD1iFJyEQP20Sw7JnZCNGJoaSBe+g4b+nZqnBXPQhiqY5LGZ8JZwZkRh/eKZhEQ==",
        "dependencies": {
          "JsonPointer.Net": "5.0.0"
        }
      },
      "Markdig.Signed": {
        "type": "Transitive",
        "resolved": "0.33.0",
        "contentHash": "/BE/XANxmocgEqajbWB/ur4Jei+j1FkXppWH9JFmEuoq8T3xJndkQKZVCW/7lTdc9Ru6kfEAkwSXFOv30EkU2Q=="
      },
      "Microsoft.ApplicationInsights": {
        "type": "Transitive",
        "resolved": "2.21.0",
        "contentHash": "btZEDWAFNo9CoYliMCriSMTX3ruRGZTtYw4mo2XyyfLlowFicYVM2Xszi5evDG95QRYV7MbbH3D2RqVwfZlJHw==",
        "dependencies": {
          "System.Diagnostics.DiagnosticSource": "5.0.0"
        }
      },
      "Microsoft.Bcl.AsyncInterfaces": {
        "type": "Transitive",
        "resolved": "8.0.0",
        "contentHash": "3WA9q9yVqJp222P3x1wYIGDAkpjAku0TMUaaQV22g6L67AI0LdOIrVS7Ht2vJfLHGSPVuqN94vIr15qn+HEkHw=="
      },
      "Microsoft.CodeAnalysis.Analyzers": {
        "type": "Transitive",
        "resolved": "3.3.4",
        "contentHash": "AxkxcPR+rheX0SmvpLVIGLhOUXAKG56a64kV9VQZ4y9gR9ZmPXnqZvHJnmwLSwzrEP6junUF11vuc+aqo5r68g=="
      },
      "Microsoft.CodeAnalysis.Common": {
        "type": "Transitive",
        "resolved": "4.9.2",
        "contentHash": "M5PThug7b2AdxL7xKmQs50KzAQTl9jENw5jMT3iUt16k+DAFlw1S87juU3UuPs3gvBm8trMBSOEvSFDr31c9Vw==",
        "dependencies": {
          "Microsoft.CodeAnalysis.Analyzers": "3.3.4",
          "System.Collections.Immutable": "8.0.0",
          "System.Reflection.Metadata": "8.0.0",
          "System.Runtime.CompilerServices.Unsafe": "6.0.0"
        }
      },
      "Microsoft.CodeAnalysis.CSharp": {
        "type": "Transitive",
        "resolved": "4.9.2",
        "contentHash": "HGIo7E9Mf3exAJbUdYpDFfLoYkSVaHDJXPyusWTYUTBaOPCowGw+Gap5McE1w+K+ryIXre72oiqL88sQHmHBmg==",
        "dependencies": {
          "Microsoft.CodeAnalysis.Common": "[4.9.2]"
        }
      },
      "Microsoft.CodeCoverage": {
        "type": "Transitive",
        "resolved": "17.14.1",
        "contentHash": "pmTrhfFIoplzFVbhVwUquT+77CbGH+h4/3mBpdmIlYtBi9nAB+kKI6dN3A/nV4DFi3wLLx/BlHIPK+MkbQ6Tpg=="
      },
      "Microsoft.CSharp": {
        "type": "Transitive",
        "resolved": "4.7.0",
        "contentHash": "pTj+D3uJWyN3My70i2Hqo+OXixq3Os2D1nJ2x92FFo6sk8fYS1m1WLNTs0Dc1uPaViH0YvEEwvzddQ7y4rhXmA=="
      },
      "Microsoft.Extensions.Configuration": {
        "type": "Transitive",
        "resolved": "9.0.5",
        "contentHash": "uYXLg2Gt8KUH5nT3u+TBpg9VrRcN5+2zPmIjqEHR4kOoBwsbtMDncEJw9HiLvZqGgIo2TR4oraibAoy5hXn2bQ==",
        "dependencies": {
          "Microsoft.Extensions.Configuration.Abstractions": "9.0.5",
          "Microsoft.Extensions.Primitives": "9.0.5"
        }
      },
      "Microsoft.Extensions.Configuration.Abstractions": {
        "type": "Transitive",
        "resolved": "9.0.5",
        "contentHash": "ew0G6gIznnyAkbIa67wXspkDFcVektjN3xaDAfBDIPbWph+rbuGaaohFxUSGw28ht7wdcWtTtElKnzfkcDDbOQ==",
        "dependencies": {
          "Microsoft.Extensions.Primitives": "9.0.5"
        }
      },
      "Microsoft.Extensions.Configuration.FileExtensions": {
        "type": "Transitive",
        "resolved": "9.0.5",
        "contentHash": "ifrA7POOJ7EeoEJhC8r03WufBsEV4zgnTLQURHh1QIS/vU6ff/60z8M4tD3i2csdFPREEc1nGbiOZhi7Q5aMfw==",
        "dependencies": {
          "Microsoft.Extensions.Configuration": "9.0.5",
          "Microsoft.Extensions.Configuration.Abstractions": "9.0.5",
          "Microsoft.Extensions.FileProviders.Abstractions": "9.0.5",
          "Microsoft.Extensions.FileProviders.Physical": "9.0.5",
          "Microsoft.Extensions.Primitives": "9.0.5"
        }
      },
      "Microsoft.Extensions.DependencyInjection": {
        "type": "Transitive",
        "resolved": "8.0.0",
        "contentHash": "V8S3bsm50ig6JSyrbcJJ8bW2b9QLGouz+G1miK3UTaOWmMtFwNNNzUf4AleyDWUmTrWMLNnFSLEQtxmxgNQnNQ==",
        "dependencies": {
          "Microsoft.Extensions.DependencyInjection.Abstractions": "8.0.0"
        }
      },
      "Microsoft.Extensions.DependencyInjection.Abstractions": {
        "type": "Transitive",
        "resolved": "8.0.0",
        "contentHash": "cjWrLkJXK0rs4zofsK4bSdg+jhDLTaxrkXu4gS6Y7MAlCvRyNNgwY/lJi5RDlQOnSZweHqoyvgvbdvQsRIW+hg=="
      },
      "Microsoft.Extensions.FileProviders.Abstractions": {
        "type": "Transitive",
        "resolved": "9.0.5",
        "contentHash": "LLm+e8lvD+jOI+blHRSxPqywPaohOTNcVzQv548R1UpkEiNB2D+zf3RrqxBdB1LDPicRMTnfiaKJovxF8oX1bQ==",
        "dependencies": {
          "Microsoft.Extensions.Primitives": "9.0.5"
        }
      },
      "Microsoft.Extensions.FileProviders.Physical": {
        "type": "Transitive",
        "resolved": "9.0.5",
        "contentHash": "cMQqvK0rclKzAm2crSFe9JiimR+wzt6eaoRxa8/mYFkqekY4JEP8eShVZs4NPsKV2HQFHfDgwfFSsWUrUgqbKA==",
        "dependencies": {
          "Microsoft.Extensions.FileProviders.Abstractions": "9.0.5",
          "Microsoft.Extensions.FileSystemGlobbing": "9.0.5",
          "Microsoft.Extensions.Primitives": "9.0.5"
        }
      },
      "Microsoft.Extensions.FileSystemGlobbing": {
        "type": "Transitive",
        "resolved": "9.0.5",
        "contentHash": "TWJZJGIyUncH4Ah+Sy9X5mPJeoz02lRlFx9VWaFo4b4o0tkA1dk2u6HRHrfEC2L6N4IC+vFzfRWol1egyQqLtg=="
      },
      "Microsoft.Extensions.Logging": {
        "type": "Transitive",
        "resolved": "8.0.0",
        "contentHash": "tvRkov9tAJ3xP51LCv3FJ2zINmv1P8Hi8lhhtcKGqM+ImiTCC84uOPEI4z8Cdq2C3o9e+Aa0Gw0rmrsJD77W+w==",
        "dependencies": {
          "Microsoft.Extensions.DependencyInjection": "8.0.0",
          "Microsoft.Extensions.Logging.Abstractions": "8.0.0",
          "Microsoft.Extensions.Options": "8.0.0"
        }
      },
      "Microsoft.Extensions.Logging.Abstractions": {
        "type": "Transitive",
        "resolved": "8.0.0",
        "contentHash": "arDBqTgFCyS0EvRV7O3MZturChstm50OJ0y9bDJvAcmEPJm0FFpFyjU/JLYyStNGGey081DvnQYlncNX5SJJGA==",
        "dependencies": {
          "Microsoft.Extensions.DependencyInjection.Abstractions": "8.0.0"
        }
      },
      "Microsoft.Extensions.ObjectPool": {
        "type": "Transitive",
        "resolved": "8.0.15",
        "contentHash": "BSQqtOKc+pGCilnyJ8rndLlA7w1901a3XGGeG2vZWxrnc0NRkaJHkTp0phouBA2rsJsWOdz1WaMnics52ij8Ug=="
      },
      "Microsoft.Extensions.Options": {
        "type": "Transitive",
        "resolved": "8.0.0",
        "contentHash": "JOVOfqpnqlVLUzINQ2fox8evY2SKLYJ3BV8QDe/Jyp21u1T7r45x/R/5QdteURMR5r01GxeJSBBUOCOyaNXA3g==",
        "dependencies": {
          "Microsoft.Extensions.DependencyInjection.Abstractions": "8.0.0",
          "Microsoft.Extensions.Primitives": "8.0.0"
        }
      },
      "Microsoft.Extensions.Primitives": {
        "type": "Transitive",
        "resolved": "9.0.5",
        "contentHash": "b4OAv1qE1C9aM+ShWJu3rlo/WjDwa/I30aIPXqDWSKXTtKl1Wwh6BZn+glH5HndGVVn3C6ZAPQj5nv7/7HJNBQ=="
      },
      "Microsoft.Management.Infrastructure": {
        "type": "Transitive",
        "resolved": "3.0.0",
        "contentHash": "cGZi0q5IujCTVYKo9h22Pw+UwfZDV82HXO8HTxMG2HqntPlT3Ls8jY6punLp4YzCypJNpfCAu2kae3TIyuAiJw==",
        "dependencies": {
          "Microsoft.Management.Infrastructure.Runtime.Unix": "3.0.0",
          "Microsoft.Management.Infrastructure.Runtime.Win": "3.0.0"
        }
      },
      "Microsoft.Management.Infrastructure.CimCmdlets": {
        "type": "Transitive",
        "resolved": "7.4.10",
        "contentHash": "98sQiVx1zY3sy8hHIt5JoM6XEBTjA45sYPz9QFvPUR0aorc0SjX5bT040SqDDWdtjSYc1HlDgBQgrbdrQmMqDA==",
        "dependencies": {
          "System.Management.Automation": "7.4.10"
        }
      },
      "Microsoft.Management.Infrastructure.Runtime.Unix": {
        "type": "Transitive",
        "resolved": "3.0.0",
        "contentHash": "QZE3uEDvZ0m7LabQvcmNOYHp7v1QPBVMpB/ild0WEE8zqUVAP5y9rRI5we37ImI1bQmW5pZ+3HNC70POPm0jBQ=="
      },
      "Microsoft.Management.Infrastructure.Runtime.Win": {
        "type": "Transitive",
        "resolved": "3.0.0",
        "contentHash": "uwMyWN33+iQ8Wm/n1yoPXgFoiYNd0HzJyoqSVhaQZyJfaQrJR3udgcIHjqa1qbc3lS6kvfuUMN4TrF4U4refCQ=="
      },
      "Microsoft.PowerShell.Commands.Diagnostics": {
        "type": "Transitive",
        "resolved": "7.4.10",
        "contentHash": "zirWIwJ7TsFDseQZn8pr6oYIfH95krKWkohSiPrljpYVF3p7q4HkhewMzRq5AdIeVT8+99CMg52p4sWHOEdwCg==",
        "dependencies": {
          "System.Management.Automation": "7.4.10"
        }
      },
      "Microsoft.PowerShell.Commands.Management": {
        "type": "Transitive",
        "resolved": "7.4.10",
        "contentHash": "L73Pw+mxcfXijfve/sX9GCYUlr4iq9PzxFFRWs8r3Qg1FZUUr/s34/IBErQcViX6WXdNKLy4bSZ6OWeuxnAxEw==",
        "dependencies": {
          "Microsoft.PowerShell.Security": "7.4.10",
          "System.Diagnostics.EventLog": "8.0.2",
          "System.ServiceProcess.ServiceController": "8.0.1"
        }
      },
      "Microsoft.PowerShell.Commands.Utility": {
        "type": "Transitive",
        "resolved": "7.4.10",
        "contentHash": "l3EM4D46dqc0QYvoJ9yvG4Dv8mZrFskQhB27SJ3VcehFn6mhVpTXT8ahOYsDjLUK/DsOzkli5VkEbXShlKxjmg==",
        "dependencies": {
          "Json.More.Net": "2.0.2",
          "JsonPointer.Net": "5.0.2",
          "JsonSchema.Net": "7.0.4",
          "Markdig.Signed": "0.33.0",
          "Microsoft.CodeAnalysis.CSharp": "4.9.2",
          "Microsoft.PowerShell.MarkdownRender": "7.2.1",
          "System.Drawing.Common": "8.0.15",
          "System.Management.Automation": "7.4.10",
          "System.Threading.AccessControl": "8.0.0"
        }
      },
      "Microsoft.PowerShell.ConsoleHost": {
        "type": "Transitive",
        "resolved": "7.4.10",
        "contentHash": "RDJ93voa0lCDV1iV4WbaVOToCpfhJlDW9lx/63Z2k0qVh59QSGq1HgMPFuVymB7Yw0BNQgm0MpCpVGIxLUkLAA==",
        "dependencies": {
          "System.Management.Automation": "7.4.10"
        }
      },
      "Microsoft.PowerShell.CoreCLR.Eventing": {
        "type": "Transitive",
        "resolved": "7.4.10",
        "contentHash": "irFCo3RewpiWACLnGnJLRCCxi/cYKn09JsqqHn1JsyS3qbDV3JxBmfrE0fdWMKW4DSeoAaOFki6h5fZed3TtpA==",
        "dependencies": {
          "System.Diagnostics.EventLog": "8.0.2"
        }
      },
      "Microsoft.PowerShell.MarkdownRender": {
        "type": "Transitive",
        "resolved": "7.2.1",
        "contentHash": "o5oUwL23R/KnjQPD2Oi49WAG5j4O4VLo1fPRSyM/aq0HuTrY2RnF4B3MCGk13BfcmK51p9kPlHZ1+8a/ZjO4Jg==",
        "dependencies": {
          "Markdig.Signed": "0.31.0"
        }
      },
      "Microsoft.PowerShell.Native": {
        "type": "Transitive",
        "resolved": "7.4.0",
        "contentHash": "FlaJ3JBWhqFToYT0ycMb/Xxzoof7oTQbNyI4UikgubC7AMWt5ptBNKjIAMPvOcvEHr+ohaO9GvRWp3tiyS3sKw=="
      },
      "Microsoft.PowerShell.SDK": {
        "type": "Transitive",
        "resolved": "7.4.10",
        "contentHash": "rfxPutIRbqqEage6vgIyBT7Bhdkf6u8eaQoFYtLSMof8QVzLzRM8LKVdmlsZV4p4GQKP6X2vgc1mfFaOkLG0jw==",
        "dependencies": {
          "Microsoft.Bcl.AsyncInterfaces": "8.0.0",
          "Microsoft.Extensions.ObjectPool": "8.0.15",
          "Microsoft.Management.Infrastructure.CimCmdlets": "7.4.10",
          "Microsoft.PowerShell.Commands.Diagnostics": "7.4.10",
          "Microsoft.PowerShell.Commands.Management": "7.4.10",
          "Microsoft.PowerShell.Commands.Utility": "7.4.10",
          "Microsoft.PowerShell.ConsoleHost": "7.4.10",
          "Microsoft.PowerShell.Security": "7.4.10",
          "Microsoft.WSMan.Management": "7.4.10",
          "Microsoft.Windows.Compatibility": "8.0.15",
          "System.Data.SqlClient": "4.8.6",
          "System.Diagnostics.EventLog": "8.0.2",
          "System.DirectoryServices.Protocols": "8.0.1",
          "System.Drawing.Common": "8.0.15",
          "System.IO.Packaging": "8.0.1",
          "System.Management.Automation": "7.4.10",
          "System.Net.Http.WinHttpHandler": "8.0.2",
          "System.Private.ServiceModel": "4.10.3",
          "System.Runtime.Caching": "8.0.1",
          "System.ServiceModel.Duplex": "4.10.3",
          "System.ServiceModel.Http": "4.10.3",
          "System.ServiceModel.NetTcp": "4.10.3",
          "System.ServiceModel.Primitives": "4.10.3",
          "System.ServiceModel.Security": "4.10.3",
          "System.Text.Encodings.Web": "8.0.0",
          "System.Web.Services.Description": "4.10.3"
        }
      },
      "Microsoft.PowerShell.Security": {
        "type": "Transitive",
        "resolved": "7.4.10",
        "contentHash": "8HvOH3oupFYWQ3HGeOvkTlU9bK6uHjfyOo1Z4bwhcZbsO9e2k9ese7vipIvOPN4GQEh8/6481JqOyii6ZS39kw==",
        "dependencies": {
          "System.Management.Automation": "7.4.10"
        }
      },
      "Microsoft.Security.Extensions": {
        "type": "Transitive",
        "resolved": "1.4.0",
        "contentHash": "MnHXttc0jHbRrGdTJ+yJBbGDoa4OXhtnKXHQw70foMyAooFtPScZX/dN+Nib47nuglc9Gt29Gfb5Zl+1lAuTeA=="
      },
      "Microsoft.TestPlatform.ObjectModel": {
        "type": "Transitive",
        "resolved": "17.14.1",
        "contentHash": "xTP1W6Mi6SWmuxd3a+jj9G9UoC850WGwZUps1Wah9r1ZxgXhdJfj1QqDLJkFjHDCvN42qDL2Ps5KjQYWUU0zcQ==",
        "dependencies": {
          "System.Reflection.Metadata": "8.0.0"
        }
      },
      "Microsoft.TestPlatform.TestHost": {
        "type": "Transitive",
        "resolved": "17.14.1",
        "contentHash": "d78LPzGKkJwsJXAQwsbJJ7LE7D1wB+rAyhHHAaODF+RDSQ0NgMjDFkSA1Djw18VrxO76GlKAjRUhl+H8NL8Z+Q==",
        "dependencies": {
          "Microsoft.TestPlatform.ObjectModel": "17.14.1",
          "Newtonsoft.Json": "13.0.3"
        }
      },
      "Microsoft.Win32.Registry": {
        "type": "Transitive",
        "resolved": "4.7.0",
        "contentHash": "KSrRMb5vNi0CWSGG1++id2ZOs/1QhRqROt+qgbEAdQuGjGrFcl4AOl4/exGPUYz2wUnU42nvJqon1T3U0kPXLA==",
        "dependencies": {
          "System.Security.AccessControl": "4.7.0",
          "System.Security.Principal.Windows": "4.7.0"
        }
      },
      "Microsoft.Win32.Registry.AccessControl": {
        "type": "Transitive",
        "resolved": "8.0.0",
        "contentHash": "u8PB9/v02C8mBXzl0vJ7bOyC020zOP+T1mRct+KA46DqZkB40XtsNn9pGD0QowTRsT6R4jPCghn+yAODn2UMMw=="
      },
      "Microsoft.Win32.SystemEvents": {
        "type": "Transitive",
        "resolved": "8.0.0",
        "contentHash": "9opKRyOKMCi2xJ7Bj7kxtZ1r9vbzosMvRrdEhVhDz8j8MoBGgB+WmC94yH839NPH+BclAjtQ/pyagvi/8gDLkw=="
      },
      "Microsoft.Windows.Compatibility": {
        "type": "Transitive",
        "resolved": "8.0.15",
        "contentHash": "Qsg3mkVDOmzRecUQBNMgCmOXVnyHQsAe4gczjbB4ZZrJGBGaT4DdG7kzLsd93TNefexMc4FQ3gCO7nodiXj3qw==",
        "dependencies": {
          "Microsoft.Win32.Registry.AccessControl": "8.0.0",
          "Microsoft.Win32.SystemEvents": "8.0.0",
          "System.CodeDom": "8.0.0",
          "System.ComponentModel.Composition": "8.0.0",
          "System.ComponentModel.Composition.Registration": "8.0.0",
          "System.Configuration.ConfigurationManager": "8.0.1",
          "System.Data.Odbc": "8.0.1",
          "System.Data.OleDb": "8.0.1",
          "System.Data.SqlClient": "4.8.6",
          "System.Diagnostics.EventLog": "8.0.2",
          "System.Diagnostics.PerformanceCounter": "8.0.1",
          "System.DirectoryServices": "8.0.0",
          "System.DirectoryServices.AccountManagement": "8.0.1",
          "System.DirectoryServices.Protocols": "8.0.1",
          "System.Drawing.Common": "8.0.15",
          "System.IO.Packaging": "8.0.1",
          "System.IO.Ports": "8.0.0",
          "System.Management": "8.0.0",
          "System.Reflection.Context": "8.0.0",
          "System.Runtime.Caching": "8.0.1",
          "System.Security.Cryptography.Pkcs": "8.0.1",
          "System.Security.Cryptography.ProtectedData": "8.0.0",
          "System.Security.Cryptography.Xml": "8.0.2",
          "System.Security.Permissions": "8.0.0",
          "System.ServiceModel.Duplex": "4.10.0",
          "System.ServiceModel.Http": "4.10.0",
          "System.ServiceModel.NetTcp": "4.10.0",
          "System.ServiceModel.Primitives": "4.10.0",
          "System.ServiceModel.Security": "4.10.0",
          "System.ServiceModel.Syndication": "8.0.0",
          "System.ServiceProcess.ServiceController": "8.0.1",
          "System.Speech": "8.0.0",
          "System.Text.Encoding.CodePages": "8.0.0",
          "System.Threading.AccessControl": "8.0.0",
          "System.Web.Services.Description": "4.10.0"
        }
      },
      "Microsoft.WSMan.Management": {
        "type": "Transitive",
        "resolved": "7.4.10",
        "contentHash": "K0NYufzUgPNFtNxtLChTRKQ4eUebRms7kjrUmwptVo8JpMPq27MZ/D4CzhZMo0Ypnc/GWycV/81sWsFoIOGa4A==",
        "dependencies": {
          "Microsoft.WSMan.Runtime": "7.4.10",
          "System.Diagnostics.EventLog": "8.0.2",
          "System.Management.Automation": "7.4.10",
          "System.ServiceProcess.ServiceController": "8.0.1"
        }
      },
      "Microsoft.WSMan.Runtime": {
        "type": "Transitive",
        "resolved": "7.4.10",
        "contentHash": "RdSDZoJ7Td0eYDRfXJfETJEWMop9XVAZ9+onMdvFnSFGZt3juEd3Nz3AmwgIyWtVRKc0vbtP7DSjKIc8Otxa4A=="
      },
      "Newtonsoft.Json": {
        "type": "Transitive",
        "resolved": "13.0.3",
        "contentHash": "HrC5BXdl00IP9zeV+0Z848QWPAoCr9P3bDEZguI+gkLcBKAOxix/tLEAAHC+UvDNPv4a2d18lOReHMOagPa+zQ=="
      },
      "NLog.Extensions.Logging": {
        "type": "Transitive",
        "resolved": "5.5.0",
        "contentHash": "l8gxUThXCiV5Vcilz9SF2/mf39p9ccdm+V3zoadQIfnv5dMHiy6BH8PSF/9ptOMHfUXZI5qOlBTiO+YcoMY/4Q==",
        "dependencies": {
          "Microsoft.Extensions.Configuration.Abstractions": "8.0.0",
          "Microsoft.Extensions.Logging": "8.0.0",
          "NLog": "5.5.0"
        }
      },
      "runtime.linux-arm.runtime.native.System.IO.Ports": {
        "type": "Transitive",
        "resolved": "8.0.0",
        "contentHash": "gK720fg6HemDg8sXcfy+xCMZ9+hF78Gc7BmREbmkS4noqlu1BAr9qZtuWGhLzFjBfgecmdtl4+SYVwJ1VneZBQ=="
      },
      "runtime.linux-arm64.runtime.native.System.IO.Ports": {
        "type": "Transitive",
        "resolved": "8.0.0",
        "contentHash": "KYG6/3ojhEWbb3FwQAKgGWPHrY+HKUXXdVjJlrtyCLn3EMcNTaNcPadb2c0ndQzixZSmAxZKopXJr0nLwhOrpQ=="
      },
      "runtime.linux-x64.runtime.native.System.IO.Ports": {
        "type": "Transitive",
        "resolved": "8.0.0",
        "contentHash": "Wnw5vhA4mgGbIFoo6l9Fk3iEcwRSq49a1aKwJgXUCUtEQLCSUDjTGSxqy/oMUuOyyn7uLHsH8KgZzQ1y3lReiQ=="
      },
      "runtime.native.System.Data.SqlClient.sni": {
        "type": "Transitive",
        "resolved": "4.7.0",
        "contentHash": "9kyFSIdN3T0qjDQ2R0HRXYIhS3l5psBzQi6qqhdLz+SzFyEy4sVxNOke+yyYv8Cu8rPER12c3RDjLT8wF3WBYQ==",
        "dependencies": {
          "runtime.win-arm64.runtime.native.System.Data.SqlClient.sni": "4.4.0",
          "runtime.win-x64.runtime.native.System.Data.SqlClient.sni": "4.4.0",
          "runtime.win-x86.runtime.native.System.Data.SqlClient.sni": "4.4.0"
        }
      },
      "runtime.native.System.IO.Ports": {
        "type": "Transitive",
        "resolved": "8.0.0",
        "contentHash": "Ee7Sz5llLpTgyKIWzKI/GeuRSbFkOABgJRY00SqTY0OkTYtkB+9l5rFZfE7fxPA3c22RfytCBYkUdAkcmwMjQg==",
        "dependencies": {
          "runtime.linux-arm.runtime.native.System.IO.Ports": "8.0.0",
          "runtime.linux-arm64.runtime.native.System.IO.Ports": "8.0.0",
          "runtime.linux-x64.runtime.native.System.IO.Ports": "8.0.0",
          "runtime.osx-arm64.runtime.native.System.IO.Ports": "8.0.0",
          "runtime.osx-x64.runtime.native.System.IO.Ports": "8.0.0"
        }
      },
      "runtime.osx-arm64.runtime.native.System.IO.Ports": {
        "type": "Transitive",
        "resolved": "8.0.0",
        "contentHash": "rbUBLAaFW9oVkbsb0+XSrAo2QdhBeAyzLl5KQ6Oci9L/u626uXGKInsVJG6B9Z5EO8bmplC8tsMiaHK8wOBZ+w=="
      },
      "runtime.osx-x64.runtime.native.System.IO.Ports": {
        "type": "Transitive",
        "resolved": "8.0.0",
        "contentHash": "IcfB4jKtM9pkzP9OpYelEcUX1MiDt0IJPBh3XYYdEISFF+6Mc+T8WWi0dr9wVh1gtcdVjubVEIBgB8BHESlGfQ=="
      },
      "runtime.win-arm64.runtime.native.System.Data.SqlClient.sni": {
        "type": "Transitive",
        "resolved": "4.4.0",
        "contentHash": "LbrynESTp3bm5O/+jGL8v0Qg5SJlTV08lpIpFesXjF6uGNMWqFnUQbYBJwZTeua6E/Y7FIM1C54Ey1btLWupdg=="
      },
      "runtime.win-x64.runtime.native.System.Data.SqlClient.sni": {
        "type": "Transitive",
        "resolved": "4.4.0",
        "contentHash": "38ugOfkYJqJoX9g6EYRlZB5U2ZJH51UP8ptxZgdpS07FgOEToV+lS11ouNK2PM12Pr6X/PpT5jK82G3DwH/SxQ=="
      },
      "runtime.win-x86.runtime.native.System.Data.SqlClient.sni": {
        "type": "Transitive",
        "resolved": "4.4.0",
        "contentHash": "YhEdSQUsTx+C8m8Bw7ar5/VesXvCFMItyZF7G1AUY+OM0VPZUOeAVpJ4Wl6fydBGUYZxojTDR3I6Bj/+BPkJNA=="
      },
      "System.CodeDom": {
        "type": "Transitive",
        "resolved": "8.0.0",
        "contentHash": "WTlRjL6KWIMr/pAaq3rYqh0TJlzpouaQ/W1eelssHgtlwHAH25jXTkUphTYx9HaIIf7XA6qs/0+YhtLEQRkJ+Q=="
      },
      "System.Collections.Immutable": {
        "type": "Transitive",
        "resolved": "8.0.0",
        "contentHash": "AurL6Y5BA1WotzlEvVaIDpqzpIPvYnnldxru8oXJU2yFxFUy3+pNXjXd1ymO+RA0rq0+590Q8gaz2l3Sr7fmqg=="
      },
      "System.ComponentModel.Composition": {
        "type": "Transitive",
        "resolved": "8.0.0",
        "contentHash": "bGhUX5BTivJ9Wax0qnJy7uGq7dn/TQkEpJ2Fpu1etg8dbPwyDkUzNPc1d3I2/jUr9y4wDI3a1dkSmi8X21Pzbw=="
      },
      "System.ComponentModel.Composition.Registration": {
        "type": "Transitive",
        "resolved": "8.0.0",
        "contentHash": "BVMXYqX7Z0Zdq3tc94UKJL/cOWq4LF3ufexfdPuUDrDl4ekbbfwPVzsusVbx+aq6Yx60CJnmJLyHtM3V2Q7BBQ==",
        "dependencies": {
          "System.ComponentModel.Composition": "8.0.0",
          "System.Reflection.Context": "8.0.0"
        }
      },
      "System.Data.Odbc": {
        "type": "Transitive",
        "resolved": "8.0.1",
        "contentHash": "JQd0QHOaZuH+ki+4Geas88dnLe/lZSaEYYmRdovZaqNVuExVlVFs/of2I1VaasMxzbO5+yrGDAP2rkazx/b8Sg=="
      },
      "System.Data.OleDb": {
        "type": "Transitive",
        "resolved": "8.0.1",
        "contentHash": "RO+/y2ggU5956uQDRXdjA1e2l5yJ4rTWNX76eZ+3sgtYGqGapCe2kQCyiUci+/y6Fyb21Irp4RQEdfrIiuYrxQ==",
        "dependencies": {
          "System.Configuration.ConfigurationManager": "8.0.1",
          "System.Diagnostics.PerformanceCounter": "8.0.1"
        }
      },
      "System.Data.SqlClient": {
        "type": "Transitive",
        "resolved": "4.8.6",
        "contentHash": "2Ij/LCaTQRyAi5lAv7UUTV9R2FobC8xN9mE0fXBZohum/xLl8IZVmE98Rq5ugQHjCgTBRKqpXRb4ORulRdA6Ig==",
        "dependencies": {
          "Microsoft.Win32.Registry": "4.7.0",
          "System.Security.Principal.Windows": "4.7.0",
          "runtime.native.System.Data.SqlClient.sni": "4.7.0"
        }
      },
      "System.Diagnostics.DiagnosticSource": {
        "type": "Transitive",
        "resolved": "8.0.1",
        "contentHash": "vaoWjvkG1aenR2XdjaVivlCV9fADfgyhW5bZtXT23qaEea0lWiUljdQuze4E31vKM7ZWJaSUsbYIKE3rnzfZUg=="
      },
      "System.Diagnostics.EventLog": {
        "type": "Transitive",
        "resolved": "9.0.5",
        "contentHash": "nhtTvAgKTD7f6t0bkOb4/hNv0PShb8GHs5Fhn7PvYhwhyWiVyVBvL2vTGH0Hlw5jOZQmWkzQxjY6M/h4tl8M6Q=="
      },
      "System.Diagnostics.PerformanceCounter": {
        "type": "Transitive",
        "resolved": "8.0.1",
        "contentHash": "9RfEDiEjlUADeThs8IPdDVTXSnPRSqjfgTQJALpmGFPKC0k2mbdufOXnb/9JZ4I0TkmxOfy3VTJxrHOJSs8cXg==",
        "dependencies": {
          "System.Configuration.ConfigurationManager": "8.0.1"
        }
      },
      "System.DirectoryServices": {
        "type": "Transitive",
        "resolved": "8.0.0",
        "contentHash": "7nit//efUTy1OsAKco2f02PMrwsR2S234N0dVVp84udC77YcvpOQDz5znAWMtgMWBzY1aRJvUW61jo/7vQRfXg=="
      },
      "System.DirectoryServices.AccountManagement": {
        "type": "Transitive",
        "resolved": "8.0.1",
        "contentHash": "qVDWKClyDY+rHVEnf11eU4evW25d5OeidrtMPSJv+fwG213wa2zJ+AuIFCxsuvNSCFyHo+DvQIVfBcoK3CL1pA==",
        "dependencies": {
          "System.Configuration.ConfigurationManager": "8.0.1",
          "System.DirectoryServices": "8.0.0",
          "System.DirectoryServices.Protocols": "8.0.0"
        }
      },
      "System.DirectoryServices.Protocols": {
        "type": "Transitive",
        "resolved": "8.0.1",
        "contentHash": "wfD1JacXCHBHRQh8Tj7L0WnQjlGdb2DdH22lNGMsJSFqYt85XOQJ4uDB1NC2ht5wVw54bPPLgN7a6CfFfT24OQ=="
      },
      "System.Drawing.Common": {
        "type": "Transitive",
        "resolved": "8.0.15",
        "contentHash": "qe9ADU4LlSDEluFw6UCvnhUX43iu1rfIi4u3cpQ37DjFDbwyWGRrDM5gypYj1IQuAVRnMHqOyFbCjtCvijN2cA==",
        "dependencies": {
          "Microsoft.Win32.SystemEvents": "8.0.0"
        }
      },
      "System.Formats.Asn1": {
        "type": "Transitive",
        "resolved": "8.0.2",
        "contentHash": "yUsFqNGa7tbwm5QOOnOR3VSoh8a0Yki39mTbhOnErdbg8hVSFtrK0EXerj286PXcegiF1LkE7lL++qqMZW5jIQ=="
      },
      "System.IO.Packaging": {
        "type": "Transitive",
        "resolved": "8.0.1",
        "contentHash": "KYkIOAvPexQOLDxPO2g0BVoWInnQhPpkFzRqvNrNrMhVT6kqhVr0zEb6KCHlptLFukxnZrjuMVAnxK7pOGUYrw=="
      },
      "System.IO.Pipelines": {
        "type": "Transitive",
        "resolved": "9.0.5",
        "contentHash": "5WXo+3MGcnYn54+1ojf+kRzKq1Q6sDUnovujNJ2ky1nl1/kP3+PMil9LPbFvZ2mkhvAGmQcY07G2sfHat/v0Fw=="
      },
      "System.IO.Ports": {
        "type": "Transitive",
        "resolved": "8.0.0",
        "contentHash": "MaiPbx2/QXZc62gm/DrajRrGPG1lU4m08GWMoWiymPYM+ba4kfACp2PbiYpqJ4QiFGhHD00zX3RoVDTucjWe9g==",
        "dependencies": {
          "runtime.native.System.IO.Ports": "8.0.0"
        }
      },
      "System.Management": {
        "type": "Transitive",
        "resolved": "8.0.0",
        "contentHash": "jrK22i5LRzxZCfGb+tGmke2VH7oE0DvcDlJ1HAKYU8cPmD8XnpUT0bYn2Gy98GEhGjtfbR/sxKTVb+dE770pfA==",
        "dependencies": {
          "System.CodeDom": "8.0.0"
        }
      },
      "System.Management.Automation": {
        "type": "Transitive",
        "resolved": "7.4.10",
        "contentHash": "+bBm0FVBbNaOz88YJaTXhRy3amBIQngI6dpAfgcxU9HwaXGPjz1XyRrdrt0+sfwwQGhb2ixguG5DsGUP4SZleQ==",
        "dependencies": {
          "Microsoft.ApplicationInsights": "2.21.0",
          "Microsoft.Management.Infrastructure": "3.0.0",
          "Microsoft.PowerShell.CoreCLR.Eventing": "7.4.10",
          "Microsoft.PowerShell.Native": "7.4.0",
          "Microsoft.Security.Extensions": "1.4.0",
          "Microsoft.Win32.Registry.AccessControl": "8.0.0",
          "Newtonsoft.Json": "13.0.3",
          "System.Configuration.ConfigurationManager": "8.0.1",
          "System.Diagnostics.DiagnosticSource": "8.0.1",
          "System.Diagnostics.EventLog": "8.0.2",
          "System.DirectoryServices": "8.0.0",
          "System.Formats.Asn1": "8.0.2",
          "System.Management": "8.0.0",
          "System.Security.AccessControl": "6.0.1",
          "System.Security.Cryptography.Pkcs": "8.0.1",
          "System.Security.Permissions": "8.0.0",
          "System.Text.Encoding.CodePages": "8.0.0"
        }
      },
      "System.Net.Http.WinHttpHandler": {
        "type": "Transitive",
        "resolved": "8.0.2",
        "contentHash": "PNtuWFl55FSigmCWX+Rj3h/1C5igGw3G4+cvnEe2kkwMDSWX08L/GuBw5S5Fc8R9PvOj+CRUHMY9w/Va8MKWHQ=="
      },
      "System.Numerics.Vectors": {
        "type": "Transitive",
        "resolved": "4.5.0",
        "contentHash": "QQTlPTl06J/iiDbJCiepZ4H//BVraReU4O4EoRw1U02H5TLUIT7xn3GnDp9AXPSlJUDyFs4uWjWafNX6WrAojQ=="
      },
      "System.Private.ServiceModel": {
        "type": "Transitive",
        "resolved": "4.10.3",
        "contentHash": "BcUV7OERlLqGxDXZuIyIMMmk1PbqBblLRbAoigmzIUx/M8A+8epvyPyXRpbgoucKH7QmfYdQIev04Phx2Co08A==",
        "dependencies": {
          "Microsoft.Bcl.AsyncInterfaces": "5.0.0",
          "Microsoft.Extensions.ObjectPool": "5.0.10",
          "System.Numerics.Vectors": "4.5.0",
          "System.Reflection.DispatchProxy": "4.7.1",
          "System.Security.Cryptography.Xml": "6.0.1",
          "System.Security.Principal.Windows": "5.0.0"
        }
      },
      "System.Reflection.Context": {
        "type": "Transitive",
        "resolved": "8.0.0",
        "contentHash": "k76ubeIBOeIVg7vkQ4I+LoB8sY1EzFIc3oHEtoiNLhXleb7TBLXUQu0CFZ4sPlXJzWNabRf+gn1T7lyhOBxIMA=="
      },
      "System.Reflection.DispatchProxy": {
        "type": "Transitive",
        "resolved": "4.7.1",
        "contentHash": "C1sMLwIG6ILQ2bmOT4gh62V6oJlyF4BlHcVMrOoor49p0Ji2tA8QAoqyMcIhAdH6OHKJ8m7BU+r4LK2CUEOKqw=="
      },
      "System.Reflection.Metadata": {
        "type": "Transitive",
        "resolved": "8.0.0",
        "contentHash": "ptvgrFh7PvWI8bcVqG5rsA/weWM09EnthFHR5SCnS6IN+P4mj6rE1lBDC4U8HL9/57htKAqy4KQ3bBj84cfYyQ==",
        "dependencies": {
          "System.Collections.Immutable": "8.0.0"
        }
      },
      "System.Runtime.Caching": {
        "type": "Transitive",
        "resolved": "8.0.1",
        "contentHash": "tdl7Q47P09UpRu0C/OQsGJU6GacBzzk4vfp5My9rodD+BchrxmajORnTthH8RxPUTPrIoVDJmLyvJcGxB267nQ==",
        "dependencies": {
          "System.Configuration.ConfigurationManager": "8.0.1"
        }
      },
      "System.Security.AccessControl": {
        "type": "Transitive",
        "resolved": "6.0.1",
        "contentHash": "IQ4NXP/B3Ayzvw0rDQzVTYsCKyy0Jp9KI6aYcK7UnGVlR9+Awz++TIPCQtPYfLJfOpm8ajowMR09V7quD3sEHw=="
      },
      "System.Security.Cryptography.Pkcs": {
        "type": "Transitive",
        "resolved": "8.0.1",
        "contentHash": "CoCRHFym33aUSf/NtWSVSZa99dkd0Hm7OCZUxORBjRB16LNhIEOf8THPqzIYlvKM0nNDAPTRBa1FxEECrgaxxA=="
      },
      "System.Security.Cryptography.ProtectedData": {
        "type": "Transitive",
        "resolved": "9.0.5",
        "contentHash": "tgS+q4zR08qX4ZA/HPtpNXU2i1EDRBNhNtbTGFdSgYyWcKf5mUtlihbzKcYqArisG1b3x4dk/FIOiWxnHrSENw=="
      },
      "System.Security.Cryptography.Xml": {
        "type": "Transitive",
        "resolved": "8.0.2",
        "contentHash": "aDM/wm0ZGEZ6ZYJLzgqjp2FZdHbDHh6/OmpGfb7AdZ105zYmPn/83JRU2xLIbwgoNz9U1SLUTJN0v5th3qmvjA==",
        "dependencies": {
          "System.Security.Cryptography.Pkcs": "8.0.1"
        }
      },
      "System.Security.Permissions": {
        "type": "Transitive",
        "resolved": "8.0.0",
        "contentHash": "v/BBylw7XevuAsHXoX9dDUUfmBIcUf7Lkz8K3ZXIKz3YRKpw8YftpSir4n4e/jDTKFoaK37AsC3xnk+GNFI1Ow==",
        "dependencies": {
          "System.Windows.Extensions": "8.0.0"
        }
      },
      "System.Security.Principal.Windows": {
        "type": "Transitive",
        "resolved": "5.0.0",
        "contentHash": "t0MGLukB5WAVU9bO3MGzvlGnyJPgUlcwerXn1kzBRjwLKixT96XV0Uza41W49gVd8zEMFu9vQEFlv0IOrytICA=="
      },
      "System.ServiceModel.Duplex": {
        "type": "Transitive",
        "resolved": "4.10.3",
        "contentHash": "IZ8ZahvTenWML7/jGUXSCm6jHlxpMbcb+Hy+h5p1WP9YVtb+Er7FHRRGizqQMINEdK6HhWpD6rzr5PdxNyusdg==",
        "dependencies": {
          "System.Private.ServiceModel": "4.10.3",
          "System.ServiceModel.Primitives": "4.10.3"
        }
      },
      "System.ServiceModel.Http": {
        "type": "Transitive",
        "resolved": "4.10.3",
        "contentHash": "hodkn0rPTYmoZ9EIPwcleUrOi1gZBPvU0uFvzmJbyxl1lIpVM5GxTrs/pCETStjOXCiXhBDoZQYajquOEfeW/w==",
        "dependencies": {
          "System.Private.ServiceModel": "4.10.3",
          "System.ServiceModel.Primitives": "4.10.3"
        }
      },
      "System.ServiceModel.NetTcp": {
        "type": "Transitive",
        "resolved": "4.10.3",
        "contentHash": "tP7GN7ehqSIQEz7yOJEtY8ziTpfavf2IQMPKa7r9KGQ75+uEW6/wSlWez7oKQwGYuAHbcGhpJvdG6WoVMKYgkw==",
        "dependencies": {
          "System.Private.ServiceModel": "4.10.3",
          "System.ServiceModel.Primitives": "4.10.3"
        }
      },
      "System.ServiceModel.Primitives": {
        "type": "Transitive",
        "resolved": "4.10.3",
        "contentHash": "aNcdry95wIP1J+/HcLQM/f/AA73LnBQDNc2uCoZ+c1//KpVRp8nMZv5ApMwK+eDNVdCK8G0NLInF+xG3mfQL+g==",
        "dependencies": {
          "System.Private.ServiceModel": "4.10.3"
        }
      },
      "System.ServiceModel.Security": {
        "type": "Transitive",
        "resolved": "4.10.3",
        "contentHash": "vqelKb7DvP2inb6LDJ5Igi8wpOYdtLXn5luDW5qEaqkV2sYO1pKlVYBpr6g6m5SevzbdZlVNu67dQiD/H6EdGQ==",
        "dependencies": {
          "System.Private.ServiceModel": "4.10.3",
          "System.ServiceModel.Primitives": "4.10.3"
        }
      },
      "System.ServiceModel.Syndication": {
        "type": "Transitive",
        "resolved": "8.0.0",
        "contentHash": "CJxIUwpBkMCPmIx46tFVOt0zpRrYurUHLW6tJBcmyj+MyWpKc6MMcS69B7IdlV/bgtgys073wMIHZX9QOQ1OFA=="
      },
      "System.ServiceProcess.ServiceController": {
        "type": "Transitive",
        "resolved": "8.0.1",
        "contentHash": "02I0BXo1kmMBgw03E8Hu4K6nTqur4wpQdcDZrndczPzY2fEoGvlinE35AWbyzLZ2h2IksEZ6an4tVt3hi9j1oA==",
        "dependencies": {
          "System.Diagnostics.EventLog": "8.0.1"
        }
      },
      "System.Speech": {
        "type": "Transitive",
        "resolved": "8.0.0",
        "contentHash": "CNuiA6vb95Oe5PRjClZEBiaju31vwB8OIeCgeSBXyZL6+MS4RVVB2X/C11z0xCkooHE3Vy91nM2z76emIzR+sg=="
      },
      "System.Text.Encoding.CodePages": {
        "type": "Transitive",
        "resolved": "8.0.0",
        "contentHash": "OZIsVplFGaVY90G2SbpgU7EnCoOO5pw1t4ic21dBF3/1omrJFpAGoNAVpPyMVOC90/hvgkGG3VFqR13YgZMQfg=="
      },
      "System.Text.Encodings.Web": {
        "type": "Transitive",
        "resolved": "9.0.5",
        "contentHash": "HJPmqP2FsE+WVUUlTsZ4IFRSyzw40yz0ubiTnsaqm+Xo5fFZhVRvx6Zn8tLXj92/6pbre6OA4QL2A2vnCSKxJA=="
      },
      "System.Threading.AccessControl": {
        "type": "Transitive",
        "resolved": "8.0.0",
        "contentHash": "cIed5+HuYz+eV9yu9TH95zPkqmm1J9Qps9wxjB335sU8tsqc2kGdlTEH9FZzZeCS8a7mNSEsN8ZkyhQp1gfdEw=="
      },
      "System.Web.Services.Description": {
        "type": "Transitive",
        "resolved": "4.10.3",
        "contentHash": "ORCkTkUo9f1o4ACG+H6SV+0XSxVZ461w3cHzYxEU41y6aKWp1CeNTMYbtdxMw1we6c6t4Hqq15PdcLVcdqno/g=="
      },
      "System.Windows.Extensions": {
        "type": "Transitive",
        "resolved": "8.0.0",
        "contentHash": "Obg3a90MkOw9mYKxrardLpY2u0axDMrSmy4JCdq2cYbelM2cUwmUir5Bomvd1yxmPL9h5LVHU1tuKBZpUjfASg=="
      },
      "ocarambalite": {
        "type": "Project",
        "dependencies": {
          "Microsoft.CSharp": "[4.7.0, )",
          "Microsoft.Extensions.Configuration": "[9.0.5, )",
          "Microsoft.Extensions.Configuration.Json": "[9.0.5, )",
          "Microsoft.PowerShell.Commands.Diagnostics": "[7.4.10, )",
          "Microsoft.PowerShell.SDK": "[7.4.10, )",
          "Microsoft.WSMan.Management": "[7.4.10, )",
          "NLog": "[5.5.0, )",
          "NLog.Web.AspNetCore": "[5.3.15, )",
          "Selenium.Support": "[4.33.0, )",
          "Selenium.WebDriver": "[4.33.0, )",
          "System.Configuration.ConfigurationManager": "[9.0.5, )",
          "System.Runtime.CompilerServices.Unsafe": "[6.1.2, )",
          "System.Text.Json": "[9.0.5, )"
        }
      }
    }
  }
}