{
  "version": 1,
  "dependencies": {
    "net8.0": {
      "Microsoft.Extensions.Configuration.Json": {
        "type": "Direct",
        "requested": "[9.0.9, )",
        "resolved": "9.0.9",
        "contentHash": "PiPYo1GTinR2ECM80zYdZUIFmde6jj5DryXUcOJg3yIjh+KQMQr42e+COD03QUsUiqNkJk511wVTnVpTm2AVZA==",
        "dependencies": {
          "Microsoft.Extensions.Configuration": "9.0.9",
          "Microsoft.Extensions.Configuration.Abstractions": "9.0.9",
          "Microsoft.Extensions.Configuration.FileExtensions": "9.0.9",
          "Microsoft.Extensions.FileProviders.Abstractions": "9.0.9",
          "System.Text.Json": "9.0.9"
        }
      },
      "Microsoft.NET.Test.Sdk": {
        "type": "Direct",
        "requested": "[17.14.1, )",
        "resolved": "17.14.1",
        "contentHash": "HJKqKOE+vshXra2aEHpi2TlxYX7Z9VFYkr+E5rwEvHC8eIXiyO+K9kNm8vmNom3e2rA56WqxU+/N9NJlLGXsJQ==",
        "dependencies": {
          "Microsoft.CodeCoverage": "17.14.1",
          "Microsoft.TestPlatform.TestHost": "17.14.1"
        }
      },
      "Microsoft.TestPlatform.TestHost": {
        "type": "Direct",
        "requested": "[18.0.0, )",
        "resolved": "18.0.0",
        "contentHash": "aAxE8Thr9ZHGrljOYaDeLJqitQi75iE4xeEFn6CEGFirlHSn1KwpKPniuEn6zCLZ90Z3XqNlrC3ZJTuvBov45w==",
        "dependencies": {
          "Microsoft.TestPlatform.ObjectModel": "18.0.0",
          "Newtonsoft.Json": "13.0.3"
        }
      },
      "NLog": {
        "type": "Direct",
        "requested": "[6.0.4, )",
        "resolved": "6.0.4",
        "contentHash": "Xr+lIk1ZlTTFXEqnxQVLxrDqZlt2tm5X+/AhJbaY2emb/dVtGDiU5QuEtj3gHtwV/SWlP/rJ922I/BPuOJXlRw=="
      },
      "Selenium.Support": {
        "type": "Direct",
        "requested": "[4.35.0, )",
        "resolved": "4.35.0",
        "contentHash": "K6DiLdDQNDSWI/zh14bk9vRjW8vEX2mhMI2Cq8bD72FM5rOnLhQwZABJHrWCZ3U1wb7KFFd7iQeUhvpyHVt2AA==",
        "dependencies": {
          "Selenium.WebDriver": "4.35.0"
        }
      },
      "Selenium.WebDriver": {
        "type": "Direct",
        "requested": "[4.35.0, )",
        "resolved": "4.35.0",
        "contentHash": "C9OrObS2KLyUQDJNRY883JAc4n5q58pBYmY954hf+lGMQQcsz4Ias2mk91lHkLXFX+2qMttya4df9lGP1SLiGQ=="
      },
      "Selenium.WebDriver.ChromeDriver": {
        "type": "Direct",
        "requested": "[140.0.7339.20700, )",
        "resolved": "140.0.7339.20700",
        "contentHash": "FTsQKAGZJFx2lJnuPtFkP5QepdhXtxsRSgIUEyvwHXzrod7S5l/UdGSWJH9cRj3ZtBi6V6OyXeoR7JB3oS83Cw=="
      },
      "Selenium.WebDriver.GeckoDriver": {
        "type": "Direct",
        "requested": "[0.36.0, )",
        "resolved": "0.36.0",
        "contentHash": "jUdrPcwkVt8OJon4iWv6pNTPIAdViJYB9cbd4ct0Bt2RzPzynQiN8bBUfOA1iSxTppI9SH8L1eMfg5NRijlBsw=="
      },
      "System.Configuration.ConfigurationManager": {
        "type": "Direct",
        "requested": "[9.0.9, )",
        "resolved": "9.0.9",
        "contentHash": "Q1LknxnRmmsUXt/ElBp739Gexppy0HeDYxvExpJq09jAYhpTHRRRkZIwfNKfM4BGRlFzRDVdnerZawxoE8naMg==",
        "dependencies": {
          "System.Diagnostics.EventLog": "9.0.9",
          "System.Security.Cryptography.ProtectedData": "9.0.9"
        }
      },
      "System.Text.Json": {
        "type": "Direct",
        "requested": "[9.0.9, )",
        "resolved": "9.0.9",
        "contentHash": "NEnpppwq67fRz/OvQRxsEMgetDJsxlxpEsAFO/4PZYbAyAMd4Ol6KS7phc8uDoKPsnbdzRLKobpX303uQwCqdg==",
        "dependencies": {
          "System.IO.Pipelines": "9.0.9",
          "System.Text.Encodings.Web": "9.0.9"
        }
      },
      "Appium.WebDriver": {
        "type": "Transitive",
        "resolved": "8.0.1",
        "contentHash": "vFEZA0Gfe2lPvIXZ9Ar1GfND8nPnwaxA5RreopO5ebklZ4OOPQXQy9L8i9VyNvntwM0R2BP0FypOlPwcvlHXIA==",
        "dependencies": {
          "Selenium.WebDriver": "4.35.0",
          "System.Drawing.Common": "8.0.10"
        }
      },
      "Humanizer.Core": {
        "type": "Transitive",
        "resolved": "2.14.1",
        "contentHash": "lQKvtaTDOXnoVJ20ibTuSIOf2i0uO0MPbDhd1jm238I+U/2ZnRENj0cktKZhtchBMtCUSRQ5v4xBCUbKNmyVMw=="
      },
      "Json.More.Net": {
        "type": "Transitive",
        "resolved": "2.0.2",
        "contentHash": "izscdjjk8EAHDBCjyz7V7n77SzkrSjh/hUGV6cyR6PlVdjYDh5ohc8yqvwSqJ9+6Uof8W6B24dIHlDKD+I1F8A=="
      },
      "JsonPointer.Net": {
        "type": "Transitive",
        "resolved": "5.0.2",
        "contentHash": "H/OtixKadr+ja1j7Fru3WG56V9zP0AKT1Bd0O7RWN/zH1bl8ZIwW9aCa4+xvzuVvt4SPmrvBu3G6NpAkNOwNAA==",
        "dependencies": {
          "Humanizer.Core": "2.14.1",
          "Json.More.Net": "2.0.1.2"
        }
      },
      "JsonSchema.Net": {
        "type": "Transitive",
        "resolved": "7.0.4",
        "contentHash": "R0Hk2Tr/np4Q1NO8CBjyQsoiD1iFJyEQP20Sw7JnZCNGJoaSBe+g4b+nZqnBXPQhiqY5LGZ8JZwZkRh/eKZhEQ==",
        "dependencies": {
          "JsonPointer.Net": "5.0.0"
        }
      },
      "Markdig.Signed": {
        "type": "Transitive",
        "resolved": "0.33.0",
        "contentHash": "/BE/XANxmocgEqajbWB/ur4Jei+j1FkXppWH9JFmEuoq8T3xJndkQKZVCW/7lTdc9Ru6kfEAkwSXFOv30EkU2Q=="
      },
      "Microsoft.ApplicationInsights": {
        "type": "Transitive",
        "resolved": "2.21.0",
        "contentHash": "btZEDWAFNo9CoYliMCriSMTX3ruRGZTtYw4mo2XyyfLlowFicYVM2Xszi5evDG95QRYV7MbbH3D2RqVwfZlJHw==",
        "dependencies": {
          "System.Diagnostics.DiagnosticSource": "5.0.0"
        }
      },
      "Microsoft.Bcl.AsyncInterfaces": {
        "type": "Transitive",
        "resolved": "8.0.0",
        "contentHash": "3WA9q9yVqJp222P3x1wYIGDAkpjAku0TMUaaQV22g6L67AI0LdOIrVS7Ht2vJfLHGSPVuqN94vIr15qn+HEkHw=="
      },
      "Microsoft.CodeAnalysis.Analyzers": {
        "type": "Transitive",
        "resolved": "3.3.4",
        "contentHash": "AxkxcPR+rheX0SmvpLVIGLhOUXAKG56a64kV9VQZ4y9gR9ZmPXnqZvHJnmwLSwzrEP6junUF11vuc+aqo5r68g=="
      },
      "Microsoft.CodeAnalysis.Common": {
        "type": "Transitive",
        "resolved": "4.9.2",
        "contentHash": "M5PThug7b2AdxL7xKmQs50KzAQTl9jENw5jMT3iUt16k+DAFlw1S87juU3UuPs3gvBm8trMBSOEvSFDr31c9Vw==",
        "dependencies": {
          "Microsoft.CodeAnalysis.Analyzers": "3.3.4",
          "System.Collections.Immutable": "8.0.0",
          "System.Reflection.Metadata": "8.0.0",
          "System.Runtime.CompilerServices.Unsafe": "6.0.0"
        }
      },
      "Microsoft.CodeAnalysis.CSharp": {
        "type": "Transitive",
        "resolved": "4.9.2",
        "contentHash": "HGIo7E9Mf3exAJbUdYpDFfLoYkSVaHDJXPyusWTYUTBaOPCowGw+Gap5McE1w+K+ryIXre72oiqL88sQHmHBmg==",
        "dependencies": {
          "Microsoft.CodeAnalysis.Common": "[4.9.2]"
        }
      },
      "Microsoft.CodeCoverage": {
        "type": "Transitive",
        "resolved": "17.14.1",
        "contentHash": "pmTrhfFIoplzFVbhVwUquT+77CbGH+h4/3mBpdmIlYtBi9nAB+kKI6dN3A/nV4DFi3wLLx/BlHIPK+MkbQ6Tpg=="
      },
      "Microsoft.CSharp": {
        "type": "Transitive",
        "resolved": "4.7.0",
        "contentHash": "pTj+D3uJWyN3My70i2Hqo+OXixq3Os2D1nJ2x92FFo6sk8fYS1m1WLNTs0Dc1uPaViH0YvEEwvzddQ7y4rhXmA=="
      },
      "Microsoft.Extensions.Configuration": {
        "type": "Transitive",
        "resolved": "9.0.9",
        "contentHash": "w87wF/90/VI0ZQBhf4rbMEeyEy0vi2WKjFmACsNAKNaorY+ZlVz7ddyXkbADvaWouMKffNmR0yQOGcrvSSvKGg==",
        "dependencies": {
          "Microsoft.Extensions.Configuration.Abstractions": "9.0.9",
          "Microsoft.Extensions.Primitives": "9.0.9"
        }
      },
      "Microsoft.Extensions.Configuration.Abstractions": {
        "type": "Transitive",
        "resolved": "9.0.9",
        "contentHash": "p5RKAY9POvs3axwA/AQRuJeM8AHuE8h4qbP1NxQeGm0ep46aXz1oCLAp/oOYxX1GsjStgdhHrN3XXLLXr0+b3w==",
        "dependencies": {
          "Microsoft.Extensions.Primitives": "9.0.9"
        }
      },
      "Microsoft.Extensions.Configuration.Binder": {
        "type": "Transitive",
        "resolved": "9.0.9",
        "contentHash": "6SIp/6Bngk4jm2W36JekZbiIbFPdE/eMUtrJEqIqHGpd1zar3jvgnwxnpWQfzUiGrkyY8q8s6V82zkkEZozghA==",
        "dependencies": {
          "Microsoft.Extensions.Configuration.Abstractions": "9.0.9"
        }
      },
      "Microsoft.Extensions.Configuration.FileExtensions": {
        "type": "Transitive",
        "resolved": "9.0.9",
        "contentHash": "fvgubCs++wTowHWuQ5TAyZV0S6ldA59U+tBVqFr4/WLd0oEf6ESbdBN2CFaVdn4sZqnarqMnl2O3++RG/Jrf/w==",
        "dependencies": {
          "Microsoft.Extensions.Configuration": "9.0.9",
          "Microsoft.Extensions.Configuration.Abstractions": "9.0.9",
          "Microsoft.Extensions.FileProviders.Abstractions": "9.0.9",
          "Microsoft.Extensions.FileProviders.Physical": "9.0.9",
          "Microsoft.Extensions.Primitives": "9.0.9"
        }
      },
      "Microsoft.Extensions.FileProviders.Abstractions": {
        "type": "Transitive",
        "resolved": "9.0.9",
        "contentHash": "M1ZhL9QkBQ/k6l/Wjgcli5zrV86HzytQ+gQiNtk9vs9Ge1fb17KKZil9T6jd15p2x/BGfXpup7Hg55CC0kkfig==",
        "dependencies": {
          "Microsoft.Extensions.Primitives": "9.0.9"
        }
      },
      "Microsoft.Extensions.FileProviders.Physical": {
        "type": "Transitive",
        "resolved": "9.0.9",
        "contentHash": "sRrPtEwbK23OCFOQ36Xn6ofiB0/nl54/BOdR7lJ/Vwg3XlyvUdmyXvFUS1EU5ltn+sQtbcPuy1l0hsysO8++SQ==",
        "dependencies": {
          "Microsoft.Extensions.FileProviders.Abstractions": "9.0.9",
          "Microsoft.Extensions.FileSystemGlobbing": "9.0.9",
          "Microsoft.Extensions.Primitives": "9.0.9"
        }
      },
      "Microsoft.Extensions.FileSystemGlobbing": {
        "type": "Transitive",
        "resolved": "9.0.9",
        "contentHash": "iQAgORaVIlkhcpxFnVEfjqNWfQCwBEEH7x2IanTwGafA6Tb4xiBoDWySTxUo3MV2NUV/PmwS/8OhT/elPnJCnw=="
      },
      "Microsoft.Extensions.ObjectPool": {
        "type": "Transitive",
        "resolved": "8.0.19",
        "contentHash": "CYJW9hxuOT7xUrOnPjwpoU01GYLXWsCHmygF8ttS4kB+ZbXWYvSR3d8mL2fVL2QLg5fu4cgsmtz7xe1dI9FUpQ=="
      },
      "Microsoft.Extensions.Primitives": {
        "type": "Transitive",
        "resolved": "9.0.9",
        "contentHash": "z4pyMePOrl733ltTowbN565PxBw1oAr8IHmIXNDiDqd22nFpYltX9KhrNC/qBWAG1/Zx5MHX+cOYhWJQYCO/iw=="
      },
      "Microsoft.Management.Infrastructure": {
        "type": "Transitive",
        "resolved": "3.0.0",
        "contentHash": "cGZi0q5IujCTVYKo9h22Pw+UwfZDV82HXO8HTxMG2HqntPlT3Ls8jY6punLp4YzCypJNpfCAu2kae3TIyuAiJw==",
        "dependencies": {
          "Microsoft.Management.Infrastructure.Runtime.Unix": "3.0.0",
          "Microsoft.Management.Infrastructure.Runtime.Win": "3.0.0"
        }
      },
      "Microsoft.Management.Infrastructure.CimCmdlets": {
        "type": "Transitive",
        "resolved": "7.4.12",
        "contentHash": "fY0W93KBC1R+RF+TitJH6mnN3x+obnN5Q5s1ANduX8tKUUWWh7b7bYgiGNYqaiMliyovvz+yaMtBYSwM7KrgKg==",
        "dependencies": {
          "System.Management.Automation": "7.4.12"
        }
      },
      "Microsoft.Management.Infrastructure.Runtime.Unix": {
        "type": "Transitive",
        "resolved": "3.0.0",
        "contentHash": "QZE3uEDvZ0m7LabQvcmNOYHp7v1QPBVMpB/ild0WEE8zqUVAP5y9rRI5we37ImI1bQmW5pZ+3HNC70POPm0jBQ=="
      },
      "Microsoft.Management.Infrastructure.Runtime.Win": {
        "type": "Transitive",
        "resolved": "3.0.0",
        "contentHash": "uwMyWN33+iQ8Wm/n1yoPXgFoiYNd0HzJyoqSVhaQZyJfaQrJR3udgcIHjqa1qbc3lS6kvfuUMN4TrF4U4refCQ=="
      },
      "Microsoft.PowerShell.Commands.Diagnostics": {
        "type": "Transitive",
        "resolved": "7.4.12",
        "contentHash": "Cp2ueN1dPzAm7NSAMLW4yDEvQDQ1gSwp8QiAuD8jXY5uqW9gYYHDnI7WURuXQa57ESblv55gPumNBR/xbhzstg==",
        "dependencies": {
          "System.Management.Automation": "7.4.12"
        }
      },
      "Microsoft.PowerShell.Commands.Management": {
        "type": "Transitive",
        "resolved": "7.4.12",
        "contentHash": "gJCeG4m4JecEi5+tvALZEO7ctwNyw4A60moAjXem3mcoN099Mz5EiLt6TlD5kRJhmFW8AuELd6ybXc/Sed9Hsw==",
        "dependencies": {
          "Microsoft.PowerShell.Security": "7.4.12",
          "System.Diagnostics.EventLog": "8.0.2",
          "System.ServiceProcess.ServiceController": "8.0.1"
        }
      },
      "Microsoft.PowerShell.Commands.Utility": {
        "type": "Transitive",
        "resolved": "7.4.12",
        "contentHash": "c1/ukTOJxPWWXMAt6MXR2wigHPazVLR7slFJrrb75l0j+d66GvpKhgm7SNB1aHimSmwArI+oAIBF2EYXBnJ7Tg==",
        "dependencies": {
          "Json.More.Net": "2.0.2",
          "JsonPointer.Net": "5.0.2",
          "JsonSchema.Net": "7.0.4",
          "Markdig.Signed": "0.33.0",
          "Microsoft.CodeAnalysis.CSharp": "4.9.2",
          "Microsoft.PowerShell.MarkdownRender": "7.2.1",
          "System.Drawing.Common": "8.0.19",
          "System.Management.Automation": "7.4.12",
          "System.Threading.AccessControl": "8.0.0"
        }
      },
      "Microsoft.PowerShell.ConsoleHost": {
        "type": "Transitive",
        "resolved": "7.4.12",
        "contentHash": "4NJ6cCc64G6VyczeLqVMmVE0eS8+rNhKOJsSdWhIt+MHW/i3aiSCJUp78kD6gesSQ7yhkjdrolk24kqVsI5cpw==",
        "dependencies": {
          "System.Management.Automation": "7.4.12"
        }
      },
      "Microsoft.PowerShell.CoreCLR.Eventing": {
        "type": "Transitive",
        "resolved": "7.4.12",
        "contentHash": "FPOh7btqeUWgu+kXFGO6PjdKoyEIayejeYnybp3Q6K+2BngSWg+YdNxpoAj6mQtq6kra/e1PTjk0IlXIs5gSow==",
        "dependencies": {
          "System.Diagnostics.EventLog": "8.0.2"
        }
      },
      "Microsoft.PowerShell.MarkdownRender": {
        "type": "Transitive",
        "resolved": "7.2.1",
        "contentHash": "o5oUwL23R/KnjQPD2Oi49WAG5j4O4VLo1fPRSyM/aq0HuTrY2RnF4B3MCGk13BfcmK51p9kPlHZ1+8a/ZjO4Jg==",
        "dependencies": {
          "Markdig.Signed": "0.31.0"
        }
      },
      "Microsoft.PowerShell.Native": {
        "type": "Transitive",
        "resolved": "7.4.0",
        "contentHash": "FlaJ3JBWhqFToYT0ycMb/Xxzoof7oTQbNyI4UikgubC7AMWt5ptBNKjIAMPvOcvEHr+ohaO9GvRWp3tiyS3sKw=="
      },
      "Microsoft.PowerShell.SDK": {
        "type": "Transitive",
        "resolved": "7.4.12",
        "contentHash": "S/9RXBMO3sF7K6OlDiqiAo1svnMUlF06pVA+c3p6jnh6YF3PuFsiZUNay4OW4/pu4oWdbllZPVHFp7THOJDEAA==",
        "dependencies": {
          "Microsoft.Bcl.AsyncInterfaces": "8.0.0",
          "Microsoft.Extensions.ObjectPool": "8.0.19",
          "Microsoft.Management.Infrastructure.CimCmdlets": "7.4.12",
          "Microsoft.PowerShell.Commands.Diagnostics": "7.4.12",
          "Microsoft.PowerShell.Commands.Management": "7.4.12",
          "Microsoft.PowerShell.Commands.Utility": "7.4.12",
          "Microsoft.PowerShell.ConsoleHost": "7.4.12",
          "Microsoft.PowerShell.Security": "7.4.12",
          "Microsoft.WSMan.Management": "7.4.12",
          "Microsoft.Windows.Compatibility": "8.0.19",
          "System.Data.SqlClient": "4.9.0",
          "System.Diagnostics.EventLog": "8.0.2",
          "System.DirectoryServices.Protocols": "8.0.2",
          "System.Drawing.Common": "8.0.19",
          "System.IO.Packaging": "8.0.1",
          "System.Management.Automation": "7.4.12",
          "System.Net.Http.WinHttpHandler": "8.0.3",
          "System.Private.ServiceModel": "4.10.3",
          "System.Runtime.Caching": "8.0.1",
          "System.ServiceModel.Duplex": "4.10.3",
          "System.ServiceModel.Http": "4.10.3",
          "System.ServiceModel.NetTcp": "4.10.3",
          "System.ServiceModel.Primitives": "4.10.3",
          "System.ServiceModel.Security": "4.10.3",
          "System.Text.Encodings.Web": "8.0.0",
          "System.Web.Services.Description": "4.10.3"
        }
      },
      "Microsoft.PowerShell.Security": {
        "type": "Transitive",
        "resolved": "7.4.12",
        "contentHash": "GJE9J/m80VAI5bWAML5UFqUbzV2ot89AZluZ4//g1yKIw5BCS+CJsvPKt9EidOxmkdm+GIPmv1zFGY2Ny6ADaw==",
        "dependencies": {
          "System.Management.Automation": "7.4.12"
        }
      },
      "Microsoft.Security.Extensions": {
        "type": "Transitive",
        "resolved": "1.4.0",
        "contentHash": "MnHXttc0jHbRrGdTJ+yJBbGDoa4OXhtnKXHQw70foMyAooFtPScZX/dN+Nib47nuglc9Gt29Gfb5Zl+1lAuTeA=="
      },
      "Microsoft.TestPlatform.ObjectModel": {
        "type": "Transitive",
        "resolved": "18.0.0",
        "contentHash": "Al/a99ymb8UdEEh6DKNiaoFn5i8fvX5PdM9LfU9Z/Q8NJrlyHHzF+LRHLbR+t89gRsJ2fFMpwYxgEn3eH1BQwA==",
        "dependencies": {
          "System.Reflection.Metadata": "8.0.0"
        }
      },
      "Microsoft.Win32.Registry.AccessControl": {
        "type": "Transitive",
        "resolved": "8.0.0",
        "contentHash": "u8PB9/v02C8mBXzl0vJ7bOyC020zOP+T1mRct+KA46DqZkB40XtsNn9pGD0QowTRsT6R4jPCghn+yAODn2UMMw=="
      },
      "Microsoft.Win32.SystemEvents": {
        "type": "Transitive",
        "resolved": "8.0.0",
        "contentHash": "9opKRyOKMCi2xJ7Bj7kxtZ1r9vbzosMvRrdEhVhDz8j8MoBGgB+WmC94yH839NPH+BclAjtQ/pyagvi/8gDLkw=="
      },
      "Microsoft.Windows.Compatibility": {
        "type": "Transitive",
        "resolved": "8.0.19",
        "contentHash": "NRXYXqzN3VRsUDM66zDAkBCuhQ1EXbqZX+Nnnz/IwCcATVnaZL5PynB7FOrDqBYU2JY8M3j2WYwnM3mcAthYnA==",
        "dependencies": {
          "Microsoft.Win32.Registry.AccessControl": "8.0.0",
          "Microsoft.Win32.SystemEvents": "8.0.0",
          "System.CodeDom": "8.0.0",
          "System.ComponentModel.Composition": "8.0.0",
          "System.ComponentModel.Composition.Registration": "8.0.0",
          "System.Configuration.ConfigurationManager": "8.0.1",
          "System.Data.Odbc": "8.0.1",
          "System.Data.OleDb": "8.0.1",
          "System.Data.SqlClient": "4.9.0",
          "System.Diagnostics.EventLog": "8.0.2",
          "System.Diagnostics.PerformanceCounter": "8.0.1",
          "System.DirectoryServices": "8.0.0",
          "System.DirectoryServices.AccountManagement": "8.0.1",
          "System.DirectoryServices.Protocols": "8.0.2",
          "System.Drawing.Common": "8.0.19",
          "System.IO.Packaging": "8.0.1",
          "System.IO.Ports": "8.0.0",
          "System.Management": "8.0.0",
          "System.Reflection.Context": "8.0.0",
          "System.Runtime.Caching": "8.0.1",
          "System.Security.Cryptography.Pkcs": "8.0.1",
          "System.Security.Cryptography.ProtectedData": "8.0.0",
          "System.Security.Cryptography.Xml": "8.0.2",
          "System.Security.Permissions": "8.0.0",
          "System.ServiceModel.Duplex": "4.10.3",
          "System.ServiceModel.Http": "4.10.3",
          "System.ServiceModel.NetTcp": "4.10.3",
          "System.ServiceModel.Primitives": "4.10.3",
          "System.ServiceModel.Security": "4.10.3",
          "System.ServiceModel.Syndication": "8.0.0",
          "System.ServiceProcess.ServiceController": "8.0.1",
          "System.Speech": "8.0.0",
          "System.Text.Encoding.CodePages": "8.0.0",
          "System.Threading.AccessControl": "8.0.0",
          "System.Web.Services.Description": "4.10.3"
        }
      },
      "Microsoft.WSMan.Management": {
        "type": "Transitive",
        "resolved": "7.4.12",
        "contentHash": "XWKZX+9cNJ6thtPjZD39WwPm3PIRaSvBQk+CN2t+AaBE1f6pMfPOU2mjxH9GVm5/BwjhTSg9gzd3nQ+OBzTFNQ==",
        "dependencies": {
          "Microsoft.WSMan.Runtime": "7.4.12",
          "System.Diagnostics.EventLog": "8.0.2",
          "System.Management.Automation": "7.4.12",
          "System.ServiceProcess.ServiceController": "8.0.1"
        }
      },
      "Microsoft.WSMan.Runtime": {
        "type": "Transitive",
        "resolved": "7.4.12",
        "contentHash": "3Oi74bp2yWR8iZezzh1Y65bWNgojYaPexXIiHhjaGboKZsVsUTGEd5vjcPqMmhP55/axhh9eRDH53bNX0hz8wQ=="
      },
      "Newtonsoft.Json": {
        "type": "Transitive",
        "resolved": "13.0.3",
        "contentHash": "HrC5BXdl00IP9zeV+0Z848QWPAoCr9P3bDEZguI+gkLcBKAOxix/tLEAAHC+UvDNPv4a2d18lOReHMOagPa+zQ=="
      },
      "runtime.linux-arm.runtime.native.System.IO.Ports": {
        "type": "Transitive",
        "resolved": "8.0.0",
        "contentHash": "gK720fg6HemDg8sXcfy+xCMZ9+hF78Gc7BmREbmkS4noqlu1BAr9qZtuWGhLzFjBfgecmdtl4+SYVwJ1VneZBQ=="
      },
      "runtime.linux-arm64.runtime.native.System.IO.Ports": {
        "type": "Transitive",
        "resolved": "8.0.0",
        "contentHash": "KYG6/3ojhEWbb3FwQAKgGWPHrY+HKUXXdVjJlrtyCLn3EMcNTaNcPadb2c0ndQzixZSmAxZKopXJr0nLwhOrpQ=="
      },
      "runtime.linux-x64.runtime.native.System.IO.Ports": {
        "type": "Transitive",
        "resolved": "8.0.0",
        "contentHash": "Wnw5vhA4mgGbIFoo6l9Fk3iEcwRSq49a1aKwJgXUCUtEQLCSUDjTGSxqy/oMUuOyyn7uLHsH8KgZzQ1y3lReiQ=="
      },
      "runtime.native.System.Data.SqlClient.sni": {
        "type": "Transitive",
        "resolved": "4.4.0",
        "contentHash": "A8v6PGmk+UGbfWo5Ixup0lPM4swuSwOiayJExZwKIOjTlFFQIsu3QnDXECosBEyrWSPryxBVrdqtJyhK3BaupQ==",
        "dependencies": {
          "runtime.win-arm64.runtime.native.System.Data.SqlClient.sni": "4.4.0",
          "runtime.win-x64.runtime.native.System.Data.SqlClient.sni": "4.4.0",
          "runtime.win-x86.runtime.native.System.Data.SqlClient.sni": "4.4.0"
        }
      },
      "runtime.native.System.IO.Ports": {
        "type": "Transitive",
        "resolved": "8.0.0",
        "contentHash": "Ee7Sz5llLpTgyKIWzKI/GeuRSbFkOABgJRY00SqTY0OkTYtkB+9l5rFZfE7fxPA3c22RfytCBYkUdAkcmwMjQg==",
        "dependencies": {
          "runtime.linux-arm.runtime.native.System.IO.Ports": "8.0.0",
          "runtime.linux-arm64.runtime.native.System.IO.Ports": "8.0.0",
          "runtime.linux-x64.runtime.native.System.IO.Ports": "8.0.0",
          "runtime.osx-arm64.runtime.native.System.IO.Ports": "8.0.0",
          "runtime.osx-x64.runtime.native.System.IO.Ports": "8.0.0"
        }
      },
      "runtime.osx-arm64.runtime.native.System.IO.Ports": {
        "type": "Transitive",
        "resolved": "8.0.0",
        "contentHash": "rbUBLAaFW9oVkbsb0+XSrAo2QdhBeAyzLl5KQ6Oci9L/u626uXGKInsVJG6B9Z5EO8bmplC8tsMiaHK8wOBZ+w=="
      },
      "runtime.osx-x64.runtime.native.System.IO.Ports": {
        "type": "Transitive",
        "resolved": "8.0.0",
        "contentHash": "IcfB4jKtM9pkzP9OpYelEcUX1MiDt0IJPBh3XYYdEISFF+6Mc+T8WWi0dr9wVh1gtcdVjubVEIBgB8BHESlGfQ=="
      },
      "runtime.win-arm64.runtime.native.System.Data.SqlClient.sni": {
        "type": "Transitive",
        "resolved": "4.4.0",
        "contentHash": "LbrynESTp3bm5O/+jGL8v0Qg5SJlTV08lpIpFesXjF6uGNMWqFnUQbYBJwZTeua6E/Y7FIM1C54Ey1btLWupdg=="
      },
      "runtime.win-x64.runtime.native.System.Data.SqlClient.sni": {
        "type": "Transitive",
        "resolved": "4.4.0",
        "contentHash": "38ugOfkYJqJoX9g6EYRlZB5U2ZJH51UP8ptxZgdpS07FgOEToV+lS11ouNK2PM12Pr6X/PpT5jK82G3DwH/SxQ=="
      },
      "runtime.win-x86.runtime.native.System.Data.SqlClient.sni": {
        "type": "Transitive",
        "resolved": "4.4.0",
        "contentHash": "YhEdSQUsTx+C8m8Bw7ar5/VesXvCFMItyZF7G1AUY+OM0VPZUOeAVpJ4Wl6fydBGUYZxojTDR3I6Bj/+BPkJNA=="
      },
      "System.CodeDom": {
        "type": "Transitive",
        "resolved": "8.0.0",
        "contentHash": "WTlRjL6KWIMr/pAaq3rYqh0TJlzpouaQ/W1eelssHgtlwHAH25jXTkUphTYx9HaIIf7XA6qs/0+YhtLEQRkJ+Q=="
      },
      "System.Collections.Immutable": {
        "type": "Transitive",
        "resolved": "8.0.0",
        "contentHash": "AurL6Y5BA1WotzlEvVaIDpqzpIPvYnnldxru8oXJU2yFxFUy3+pNXjXd1ymO+RA0rq0+590Q8gaz2l3Sr7fmqg=="
      },
      "System.ComponentModel.Composition": {
        "type": "Transitive",
        "resolved": "8.0.0",
        "contentHash": "bGhUX5BTivJ9Wax0qnJy7uGq7dn/TQkEpJ2Fpu1etg8dbPwyDkUzNPc1d3I2/jUr9y4wDI3a1dkSmi8X21Pzbw=="
      },
      "System.ComponentModel.Composition.Registration": {
        "type": "Transitive",
        "resolved": "8.0.0",
        "contentHash": "BVMXYqX7Z0Zdq3tc94UKJL/cOWq4LF3ufexfdPuUDrDl4ekbbfwPVzsusVbx+aq6Yx60CJnmJLyHtM3V2Q7BBQ==",
        "dependencies": {
          "System.ComponentModel.Composition": "8.0.0",
          "System.Reflection.Context": "8.0.0"
        }
      },
      "System.Data.Odbc": {
        "type": "Transitive",
        "resolved": "8.0.1",
        "contentHash": "JQd0QHOaZuH+ki+4Geas88dnLe/lZSaEYYmRdovZaqNVuExVlVFs/of2I1VaasMxzbO5+yrGDAP2rkazx/b8Sg=="
      },
      "System.Data.OleDb": {
        "type": "Transitive",
        "resolved": "8.0.1",
        "contentHash": "RO+/y2ggU5956uQDRXdjA1e2l5yJ4rTWNX76eZ+3sgtYGqGapCe2kQCyiUci+/y6Fyb21Irp4RQEdfrIiuYrxQ==",
        "dependencies": {
          "System.Configuration.ConfigurationManager": "8.0.1",
          "System.Diagnostics.PerformanceCounter": "8.0.1"
        }
      },
      "System.Data.SqlClient": {
        "type": "Transitive",
        "resolved": "4.9.0",
        "contentHash": "j4KJO+vC62NyUtNHz854njEqXbT8OmAa5jb1nrGfYWBOcggyYUQE0w/snXeaCjdvkSKWuUD+hfvlbN8pTrJTXg==",
        "dependencies": {
          "runtime.native.System.Data.SqlClient.sni": "4.4.0"
        }
      },
      "System.Diagnostics.DiagnosticSource": {
        "type": "Transitive",
        "resolved": "8.0.1",
        "contentHash": "vaoWjvkG1aenR2XdjaVivlCV9fADfgyhW5bZtXT23qaEea0lWiUljdQuze4E31vKM7ZWJaSUsbYIKE3rnzfZUg=="
      },
      "System.Diagnostics.EventLog": {
        "type": "Transitive",
        "resolved": "9.0.9",
        "contentHash": "wpsUfnyv8E5K4WQaok6weewvAbQhcLwXFcHBm5U0gdEaBs85N//ssuYvRPFWwz2rO/9/DFP3A1sGMzUFBj8y3w=="
      },
      "System.Diagnostics.PerformanceCounter": {
        "type": "Transitive",
        "resolved": "8.0.1",
        "contentHash": "9RfEDiEjlUADeThs8IPdDVTXSnPRSqjfgTQJALpmGFPKC0k2mbdufOXnb/9JZ4I0TkmxOfy3VTJxrHOJSs8cXg==",
        "dependencies": {
          "System.Configuration.ConfigurationManager": "8.0.1"
        }
      },
      "System.DirectoryServices": {
        "type": "Transitive",
        "resolved": "8.0.0",
        "contentHash": "7nit//efUTy1OsAKco2f02PMrwsR2S234N0dVVp84udC77YcvpOQDz5znAWMtgMWBzY1aRJvUW61jo/7vQRfXg=="
      },
      "System.DirectoryServices.AccountManagement": {
        "type": "Transitive",
        "resolved": "8.0.1",
        "contentHash": "qVDWKClyDY+rHVEnf11eU4evW25d5OeidrtMPSJv+fwG213wa2zJ+AuIFCxsuvNSCFyHo+DvQIVfBcoK3CL1pA==",
        "dependencies": {
          "System.Configuration.ConfigurationManager": "8.0.1",
          "System.DirectoryServices": "8.0.0",
          "System.DirectoryServices.Protocols": "8.0.0"
        }
      },
      "System.DirectoryServices.Protocols": {
        "type": "Transitive",
        "resolved": "8.0.2",
        "contentHash": "7pSU+qkmdkwbikAvn4kpvClfyffaR7dYJw7ucBtO5d6m/7wgKZIULOZAGFLMIMOFFmg7xC67TYKptHxcbqQm+Q=="
      },
      "System.Drawing.Common": {
        "type": "Transitive",
        "resolved": "8.0.19",
        "contentHash": "UWMINQeKPH2+t/4oNySDVPf7URFMYCRdkAG1s+2nLyHauu4GiyIoBjSHxN3aNULCNmyHB+ByU1TQ1jtMi7G6wQ==",
        "dependencies": {
          "Microsoft.Win32.SystemEvents": "8.0.0"
        }
      },
      "System.Formats.Asn1": {
        "type": "Transitive",
        "resolved": "8.0.2",
        "contentHash": "yUsFqNGa7tbwm5QOOnOR3VSoh8a0Yki39mTbhOnErdbg8hVSFtrK0EXerj286PXcegiF1LkE7lL++qqMZW5jIQ=="
      },
      "System.IO.Packaging": {
        "type": "Transitive",
        "resolved": "8.0.1",
        "contentHash": "KYkIOAvPexQOLDxPO2g0BVoWInnQhPpkFzRqvNrNrMhVT6kqhVr0zEb6KCHlptLFukxnZrjuMVAnxK7pOGUYrw=="
      },
      "System.IO.Pipelines": {
        "type": "Transitive",
        "resolved": "9.0.9",
        "contentHash": "VySjpsCLprojvat550Flrm3NQB982CPuDzILajqjQihFmrQXZPdQyktIbcpVPJyaExFYtAfY1DpwMdWQuS0kbw=="
      },
      "System.IO.Ports": {
        "type": "Transitive",
        "resolved": "8.0.0",
        "contentHash": "MaiPbx2/QXZc62gm/DrajRrGPG1lU4m08GWMoWiymPYM+ba4kfACp2PbiYpqJ4QiFGhHD00zX3RoVDTucjWe9g==",
        "dependencies": {
          "runtime.native.System.IO.Ports": "8.0.0"
        }
      },
      "System.Management": {
        "type": "Transitive",
        "resolved": "8.0.0",
        "contentHash": "jrK22i5LRzxZCfGb+tGmke2VH7oE0DvcDlJ1HAKYU8cPmD8XnpUT0bYn2Gy98GEhGjtfbR/sxKTVb+dE770pfA==",
        "dependencies": {
          "System.CodeDom": "8.0.0"
        }
      },
      "System.Management.Automation": {
        "type": "Transitive",
        "resolved": "7.4.12",
        "contentHash": "Gur81H587ELl0MNRHNdEeqtAY29L3N9nlU7xqdYWpXSgHKZjVfBbW0Xi6NkWMwzpsLNQZ3ak+A4s9aka7zGB1A==",
        "dependencies": {
          "Microsoft.ApplicationInsights": "2.21.0",
          "Microsoft.Management.Infrastructure": "3.0.0",
          "Microsoft.PowerShell.CoreCLR.Eventing": "7.4.12",
          "Microsoft.PowerShell.Native": "7.4.0",
          "Microsoft.Security.Extensions": "1.4.0",
          "Microsoft.Win32.Registry.AccessControl": "8.0.0",
          "Newtonsoft.Json": "13.0.3",
          "System.Configuration.ConfigurationManager": "8.0.1",
          "System.Diagnostics.DiagnosticSource": "8.0.1",
          "System.Diagnostics.EventLog": "8.0.2",
          "System.DirectoryServices": "8.0.0",
          "System.Formats.Asn1": "8.0.2",
          "System.Management": "8.0.0",
          "System.Security.AccessControl": "6.0.1",
          "System.Security.Cryptography.Pkcs": "8.0.1",
          "System.Security.Permissions": "8.0.0",
          "System.Text.Encoding.CodePages": "8.0.0"
        }
      },
      "System.Net.Http.WinHttpHandler": {
        "type": "Transitive",
        "resolved": "8.0.3",
        "contentHash": "1HYlowez3KdQ4Fy0scIyr+TLkU2+6JBl1pI2Ht/X1qtqq154PcRwzsro0g2KgSwqe1YZANT+BqXOSHtH0RC1Sw=="
      },
      "System.Numerics.Vectors": {
        "type": "Transitive",
        "resolved": "4.5.0",
        "contentHash": "QQTlPTl06J/iiDbJCiepZ4H//BVraReU4O4EoRw1U02H5TLUIT7xn3GnDp9AXPSlJUDyFs4uWjWafNX6WrAojQ=="
      },
      "System.Private.ServiceModel": {
        "type": "Transitive",
        "resolved": "4.10.3",
        "contentHash": "BcUV7OERlLqGxDXZuIyIMMmk1PbqBblLRbAoigmzIUx/M8A+8epvyPyXRpbgoucKH7QmfYdQIev04Phx2Co08A==",
        "dependencies": {
          "Microsoft.Bcl.AsyncInterfaces": "5.0.0",
          "Microsoft.Extensions.ObjectPool": "5.0.10",
          "System.Numerics.Vectors": "4.5.0",
          "System.Reflection.DispatchProxy": "4.7.1",
          "System.Security.Cryptography.Xml": "6.0.1",
          "System.Security.Principal.Windows": "5.0.0"
        }
      },
      "System.Reflection.Context": {
        "type": "Transitive",
        "resolved": "8.0.0",
        "contentHash": "k76ubeIBOeIVg7vkQ4I+LoB8sY1EzFIc3oHEtoiNLhXleb7TBLXUQu0CFZ4sPlXJzWNabRf+gn1T7lyhOBxIMA=="
      },
      "System.Reflection.DispatchProxy": {
        "type": "Transitive",
        "resolved": "4.7.1",
        "contentHash": "C1sMLwIG6ILQ2bmOT4gh62V6oJlyF4BlHcVMrOoor49p0Ji2tA8QAoqyMcIhAdH6OHKJ8m7BU+r4LK2CUEOKqw=="
      },
      "System.Reflection.Metadata": {
        "type": "Transitive",
        "resolved": "8.0.0",
        "contentHash": "ptvgrFh7PvWI8bcVqG5rsA/weWM09EnthFHR5SCnS6IN+P4mj6rE1lBDC4U8HL9/57htKAqy4KQ3bBj84cfYyQ==",
        "dependencies": {
          "System.Collections.Immutable": "8.0.0"
        }
      },
      "System.Runtime.Caching": {
        "type": "Transitive",
        "resolved": "8.0.1",
        "contentHash": "tdl7Q47P09UpRu0C/OQsGJU6GacBzzk4vfp5My9rodD+BchrxmajORnTthH8RxPUTPrIoVDJmLyvJcGxB267nQ==",
        "dependencies": {
          "System.Configuration.ConfigurationManager": "8.0.1"
        }
      },
      "System.Runtime.CompilerServices.Unsafe": {
        "type": "Transitive",
        "resolved": "6.0.0",
        "contentHash": "/iUeP3tq1S0XdNNoMz5C9twLSrM/TH+qElHkXWaPvuNOt+99G75NrV0OS2EqHx5wMN7popYjpc8oTjC1y16DLg=="
      },
      "System.Security.AccessControl": {
        "type": "Transitive",
        "resolved": "6.0.1",
        "contentHash": "IQ4NXP/B3Ayzvw0rDQzVTYsCKyy0Jp9KI6aYcK7UnGVlR9+Awz++TIPCQtPYfLJfOpm8ajowMR09V7quD3sEHw=="
      },
      "System.Security.Cryptography.Pkcs": {
        "type": "Transitive",
        "resolved": "8.0.1",
        "contentHash": "CoCRHFym33aUSf/NtWSVSZa99dkd0Hm7OCZUxORBjRB16LNhIEOf8THPqzIYlvKM0nNDAPTRBa1FxEECrgaxxA=="
      },
      "System.Security.Cryptography.ProtectedData": {
        "type": "Transitive",
        "resolved": "9.0.9",
        "contentHash": "XN37933FTzEkqGJoOTunvnvzAv/4VO/9wQ0QwsGcrR5KyQpYT0z4Ssm+f+fpY9bea6srypFp3JjNPHHC26xzLw=="
      },
      "System.Security.Cryptography.Xml": {
        "type": "Transitive",
        "resolved": "8.0.2",
        "contentHash": "aDM/wm0ZGEZ6ZYJLzgqjp2FZdHbDHh6/OmpGfb7AdZ105zYmPn/83JRU2xLIbwgoNz9U1SLUTJN0v5th3qmvjA==",
        "dependencies": {
          "System.Security.Cryptography.Pkcs": "8.0.1"
        }
      },
      "System.Security.Permissions": {
        "type": "Transitive",
        "resolved": "8.0.0",
        "contentHash": "v/BBylw7XevuAsHXoX9dDUUfmBIcUf7Lkz8K3ZXIKz3YRKpw8YftpSir4n4e/jDTKFoaK37AsC3xnk+GNFI1Ow==",
        "dependencies": {
          "System.Windows.Extensions": "8.0.0"
        }
      },
      "System.Security.Principal.Windows": {
        "type": "Transitive",
        "resolved": "5.0.0",
        "contentHash": "t0MGLukB5WAVU9bO3MGzvlGnyJPgUlcwerXn1kzBRjwLKixT96XV0Uza41W49gVd8zEMFu9vQEFlv0IOrytICA=="
      },
      "System.ServiceModel.Duplex": {
        "type": "Transitive",
        "resolved": "4.10.3",
        "contentHash": "IZ8ZahvTenWML7/jGUXSCm6jHlxpMbcb+Hy+h5p1WP9YVtb+Er7FHRRGizqQMINEdK6HhWpD6rzr5PdxNyusdg==",
        "dependencies": {
          "System.Private.ServiceModel": "4.10.3",
          "System.ServiceModel.Primitives": "4.10.3"
        }
      },
      "System.ServiceModel.Http": {
        "type": "Transitive",
        "resolved": "4.10.3",
        "contentHash": "hodkn0rPTYmoZ9EIPwcleUrOi1gZBPvU0uFvzmJbyxl1lIpVM5GxTrs/pCETStjOXCiXhBDoZQYajquOEfeW/w==",
        "dependencies": {
          "System.Private.ServiceModel": "4.10.3",
          "System.ServiceModel.Primitives": "4.10.3"
        }
      },
      "System.ServiceModel.NetTcp": {
        "type": "Transitive",
        "resolved": "4.10.3",
        "contentHash": "tP7GN7ehqSIQEz7yOJEtY8ziTpfavf2IQMPKa7r9KGQ75+uEW6/wSlWez7oKQwGYuAHbcGhpJvdG6WoVMKYgkw==",
        "dependencies": {
          "System.Private.ServiceModel": "4.10.3",
          "System.ServiceModel.Primitives": "4.10.3"
        }
      },
      "System.ServiceModel.Primitives": {
        "type": "Transitive",
        "resolved": "4.10.3",
        "contentHash": "aNcdry95wIP1J+/HcLQM/f/AA73LnBQDNc2uCoZ+c1//KpVRp8nMZv5ApMwK+eDNVdCK8G0NLInF+xG3mfQL+g==",
        "dependencies": {
          "System.Private.ServiceModel": "4.10.3"
        }
      },
      "System.ServiceModel.Security": {
        "type": "Transitive",
        "resolved": "4.10.3",
        "contentHash": "vqelKb7DvP2inb6LDJ5Igi8wpOYdtLXn5luDW5qEaqkV2sYO1pKlVYBpr6g6m5SevzbdZlVNu67dQiD/H6EdGQ==",
        "dependencies": {
          "System.Private.ServiceModel": "4.10.3",
          "System.ServiceModel.Primitives": "4.10.3"
        }
      },
      "System.ServiceModel.Syndication": {
        "type": "Transitive",
        "resolved": "8.0.0",
        "contentHash": "CJxIUwpBkMCPmIx46tFVOt0zpRrYurUHLW6tJBcmyj+MyWpKc6MMcS69B7IdlV/bgtgys073wMIHZX9QOQ1OFA=="
      },
      "System.ServiceProcess.ServiceController": {
        "type": "Transitive",
        "resolved": "8.0.1",
        "contentHash": "02I0BXo1kmMBgw03E8Hu4K6nTqur4wpQdcDZrndczPzY2fEoGvlinE35AWbyzLZ2h2IksEZ6an4tVt3hi9j1oA==",
        "dependencies": {
          "System.Diagnostics.EventLog": "8.0.1"
        }
      },
      "System.Speech": {
        "type": "Transitive",
        "resolved": "8.0.0",
        "contentHash": "CNuiA6vb95Oe5PRjClZEBiaju31vwB8OIeCgeSBXyZL6+MS4RVVB2X/C11z0xCkooHE3Vy91nM2z76emIzR+sg=="
      },
      "System.Text.Encoding.CodePages": {
        "type": "Transitive",
        "resolved": "8.0.0",
        "contentHash": "OZIsVplFGaVY90G2SbpgU7EnCoOO5pw1t4ic21dBF3/1omrJFpAGoNAVpPyMVOC90/hvgkGG3VFqR13YgZMQfg=="
      },
      "System.Text.Encodings.Web": {
        "type": "Transitive",
        "resolved": "9.0.9",
        "contentHash": "bzYTmAcmfelUOCBxvbgsfSr2tq94ydA2gJZAxZRcuNa0LlmlVz8JNHst6RG1qsDujyVYT4vjv06y8sCLbvCXdg=="
      },
      "System.Threading.AccessControl": {
        "type": "Transitive",
        "resolved": "8.0.0",
        "contentHash": "cIed5+HuYz+eV9yu9TH95zPkqmm1J9Qps9wxjB335sU8tsqc2kGdlTEH9FZzZeCS8a7mNSEsN8ZkyhQp1gfdEw=="
      },
      "System.Web.Services.Description": {
        "type": "Transitive",
        "resolved": "4.10.3",
        "contentHash": "ORCkTkUo9f1o4ACG+H6SV+0XSxVZ461w3cHzYxEU41y6aKWp1CeNTMYbtdxMw1we6c6t4Hqq15PdcLVcdqno/g=="
      },
      "System.Windows.Extensions": {
        "type": "Transitive",
        "resolved": "8.0.0",
        "contentHash": "Obg3a90MkOw9mYKxrardLpY2u0axDMrSmy4JCdq2cYbelM2cUwmUir5Bomvd1yxmPL9h5LVHU1tuKBZpUjfASg=="
      },
      "ocarambalite": {
        "type": "Project",
        "dependencies": {
          "Appium.WebDriver": "[8.0.1, )",
          "Microsoft.CSharp": "[4.7.0, )",
          "Microsoft.Extensions.Configuration": "[9.0.9, )",
          "Microsoft.Extensions.Configuration.Binder": "[9.0.9, )",
          "Microsoft.Extensions.Configuration.Json": "[9.0.9, )",
          "Microsoft.PowerShell.Commands.Diagnostics": "[7.4.12, )",
          "Microsoft.PowerShell.SDK": "[7.4.12, )",
          "Microsoft.WSMan.Management": "[7.4.12, )",
          "NLog": "[6.0.4, )",
          "Selenium.Support": "[4.35.0, )",
          "Selenium.WebDriver": "[4.35.0, )",
          "System.Configuration.ConfigurationManager": "[9.0.9, )",
          "System.Text.Json": "[9.0.9, )"
        }
      }
    }
  }
}